{
  "pins" : [
    {
      "identity" : "ats-sdk-ios",
      "kind" : "remoteSourceControl",
      "location" : "https://github.com/LiveRamp/ats-sdk-ios.git",
      "state" : {
        "revision" : "2983fdd06ab861f9286afb2ded727305441f6a67",
        "version" : "1.4.0"
      }
    },
    {
      "identity" : "googleappmeasurement",
      "kind" : "remoteSourceControl",
      "location" : "https://github.com/google/GoogleAppMeasurement.git",
      "state" : {
        "revision" : "0a226a8c50494c4cb877fbde27ab6374520a3354",
        "version" : "10.12.0"
      }
    },
    {
      "identity" : "googleutilities",
      "kind" : "remoteSourceControl",
      "location" : "https://github.com/google/GoogleUtilities.git",
      "state" : {
        "revision" : "4446686bc3714d49ce043d0f68318f42ed718cb6",
        "version" : "7.11.4"
      }
    },
    {
      "identity" : "nanopb",
      "kind" : "remoteSourceControl",
      "location" : "https://github.com/firebase/nanopb.git",
      "state" : {
        "revision" : "819d0a2173aff699fb8c364b6fb906f7cdb1a692",
        "version" : "2.30909.0"
      }
    },
    {
      "identity" : "nimbus-ios-sdk",
      "kind" : "remoteSourceControl",
      "location" : "https://github.com/adsbynimbus/nimbus-ios-sdk.git",
      "state" : {
        "revision" : "d8547f63d4861b284158644abfeae93879e4bddc",
        "version" : "2.20.6"
      }
    },
    {
      "identity" : "promises",
      "kind" : "remoteSourceControl",
      "location" : "https://github.com/google/promises.git",
      "state" : {
        "revision" : "e70e889c0196c76d22759eb50d6a0270ca9f1d9e",
        "version" : "2.3.1"
      }
    },
    {
      "identity" : "swift-package-manager-google-interactive-media-ads-ios",
      "kind" : "remoteSourceControl",
      "location" : "https://github.com/googleads/swift-package-manager-google-interactive-media-ads-ios.git",
      "state" : {
        "revision" : "8b8e3bbe0b8044cdfeedeadae3e8dc871017c31d",
        "version" : "3.23.0"
      }
    },
    {
      "identity" : "swift-package-manager-google-mobile-ads",
      "kind" : "remoteSourceControl",
      "location" : "https://github.com/googleads/swift-package-manager-google-mobile-ads.git",
      "state" : {
        "revision" : "44fee5519785604f056eab6d0400decf160f6ca8",
        "version" : "10.8.0"
      }
    },
    {
      "identity" : "swift-package-manager-google-user-messaging-platform",
      "kind" : "remoteSourceControl",
      "location" : "https://github.com/googleads/swift-package-manager-google-user-messaging-platform.git",
      "state" : {
        "revision" : "129fa838520cd02174f890ae0cfe0242e60714ae",
        "version" : "2.1.0"
      }
    },
    {
      "identity" : "vungleadssdk-swiftpackagemanager",
      "kind" : "remoteSourceControl",
      "location" : "https://github.com/Vungle/VungleAdsSDK-SwiftPackageManager.git",
      "state" : {
        "revision" : "8c9f1666227913262282fb5da9afba45f3f829e8",
        "version" : "7.4.0"
      }
    }
  ],
  "version" : 2
}
