// !$*UTF8*$!
{
	archiveVersion = 1;
	classes = {
	};
	objectVersion = 55;
	objects = {

/* Begin PBXBuildFile section */
		15014CFE286C7DA4009DB195 /* AdManagerSpecificAdTextCell.swift in Sources */ = {isa = PBXBuildFile; fileRef = 15014CFA286C7DA4009DB195 /* AdManagerSpecificAdTextCell.swift */; };
		15014CFF286C7DA4009DB195 /* AdManagerSpecificAdType.swift in Sources */ = {isa = PBXBuildFile; fileRef = 15014CFB286C7DA4009DB195 /* AdManagerSpecificAdType.swift */; };
		15014D00286C7DA4009DB195 /* AdManagerSpecificAdViewController.swift in Sources */ = {isa = PBXBuildFile; fileRef = 15014CFC286C7DA4009DB195 /* AdManagerSpecificAdViewController.swift */; };
		15014D01286C7DA4009DB195 /* AdManagerSpecificAdNimbusCell.swift in Sources */ = {isa = PBXBuildFile; fileRef = 15014CFD286C7DA4009DB195 /* AdManagerSpecificAdNimbusCell.swift */; };
		150B4B5828D3E6F7002F233D /* CustomAdContainerView.swift in Sources */ = {isa = PBXBuildFile; fileRef = 150B4B5728D3E6F7002F233D /* CustomAdContainerView.swift */; };
		2013D50F279087F500CB5DCF /* MainItem.swift in Sources */ = {isa = PBXBuildFile; fileRef = 2013D50E279087F500CB5DCF /* MainItem.swift */; };
		2013D5112790886600CB5DCF /* SettingsSection.swift in Sources */ = {isa = PBXBuildFile; fileRef = 2013D5102790886600CB5DCF /* SettingsSection.swift */; };
		2052050729CD4D5E004D7024 /* APSAds.swift in Sources */ = {isa = PBXBuildFile; fileRef = 2052050629CD4D5E004D7024 /* APSAds.swift */; };
		2052050829CD4D69004D7024 /* APSAds.swift in Sources */ = {isa = PBXBuildFile; fileRef = 2052050629CD4D5E004D7024 /* APSAds.swift */; };
		4D0AA887279F3FE100CD2F7C /* DemoRequestInterceptors.swift in Sources */ = {isa = PBXBuildFile; fileRef = 4D0AA886279F3FE100CD2F7C /* DemoRequestInterceptors.swift */; };
		4D563C412746FD3B00294A7B /* AdManagerAdType.swift in Sources */ = {isa = PBXBuildFile; fileRef = 4D563C402746FD3B00294A7B /* AdManagerAdType.swift */; };
		4D563C432746FD4F00294A7B /* FacebookAdType.swift in Sources */ = {isa = PBXBuildFile; fileRef = 4D563C422746FD4F00294A7B /* FacebookAdType.swift */; };
		4D563C452746FD6300294A7B /* DemoItem.swift in Sources */ = {isa = PBXBuildFile; fileRef = 4D563C442746FD6300294A7B /* DemoItem.swift */; };
		4D5BAE7B273C362B009B7F95 /* SettingsViewController.swift in Sources */ = {isa = PBXBuildFile; fileRef = 4D5BAE7A273C362B009B7F95 /* SettingsViewController.swift */; };
		4D5BAE7D273C3CA8009B7F95 /* SettingsCell.swift in Sources */ = {isa = PBXBuildFile; fileRef = 4D5BAE7C273C3CA8009B7F95 /* SettingsCell.swift */; };
		4D5BAE7F273C5E9F009B7F95 /* DemoHeader.swift in Sources */ = {isa = PBXBuildFile; fileRef = 4D5BAE7E273C5E9F009B7F95 /* DemoHeader.swift */; };
		4D5BAE81273C6A16009B7F95 /* Setting.swift in Sources */ = {isa = PBXBuildFile; fileRef = 4D5BAE80273C6A16009B7F95 /* Setting.swift */; };
		4D5C798B274C184000033307 /* TestRenderViewController.swift in Sources */ = {isa = PBXBuildFile; fileRef = 4D5C798A274C184000033307 /* TestRenderViewController.swift */; };
		4D5C798D274C259A00033307 /* TestRenderAdViewController.swift in Sources */ = {isa = PBXBuildFile; fileRef = 4D5C798C274C259A00033307 /* TestRenderAdViewController.swift */; };
		4D5C798F274C290E00033307 /* UIViewController+Extension.swift in Sources */ = {isa = PBXBuildFile; fileRef = 4D5C798E274C290E00033307 /* UIViewController+Extension.swift */; };
		4D5C7991274C60BE00033307 /* UIImage+Extension.swift in Sources */ = {isa = PBXBuildFile; fileRef = 4D5C7990274C60BE00033307 /* UIImage+Extension.swift */; };
		4D84B1B82743FFF300CA9CE2 /* GAMViewController.swift in Sources */ = {isa = PBXBuildFile; fileRef = 4D84B1B72743FFF300CA9CE2 /* GAMViewController.swift */; };
		4D8A3FA92742CA1100201485 /* NSObject+Extension.swift in Sources */ = {isa = PBXBuildFile; fileRef = 4D8A3FA82742CA1100201485 /* NSObject+Extension.swift */; };
		4D8A3FAB2742CAC700201485 /* UITableView+Extension.swift in Sources */ = {isa = PBXBuildFile; fileRef = 4D8A3FAA2742CAC700201485 /* UITableView+Extension.swift */; };
		4D8A3FAF274306F100201485 /* DemoDataSource.swift in Sources */ = {isa = PBXBuildFile; fileRef = 4D8A3FAE274306F100201485 /* DemoDataSource.swift */; };
		4D8AF6DF274D2776002A3783 /* DemoAdCell.swift in Sources */ = {isa = PBXBuildFile; fileRef = 4D8AF6DE274D2776002A3783 /* DemoAdCell.swift */; };
		4D901D7D273D936E00037C54 /* AdDemoViewController.swift in Sources */ = {isa = PBXBuildFile; fileRef = 4D901D7C273D936E00037C54 /* AdDemoViewController.swift */; };
		4D901D7F273D982500037C54 /* String+Extension.swift in Sources */ = {isa = PBXBuildFile; fileRef = 4D901D7E273D982500037C54 /* String+Extension.swift */; };
		4D901D81273DAFD400037C54 /* AdManagerViewController.swift in Sources */ = {isa = PBXBuildFile; fileRef = 4D901D80273DAFD400037C54 /* AdManagerViewController.swift */; };
		4D901D83273DC28500037C54 /* AdViewController.swift in Sources */ = {isa = PBXBuildFile; fileRef = 4D901D82273DC28500037C54 /* AdViewController.swift */; };
		4D901D86273DC8CD00037C54 /* ConfigManager.swift in Sources */ = {isa = PBXBuildFile; fileRef = 4D901D85273DC8CD00037C54 /* ConfigManager.swift */; };
		4D901D8A273DCC7100037C54 /* secrets.json in Resources */ = {isa = PBXBuildFile; fileRef = 4D901D88273DCC7100037C54 /* secrets.json */; };
		4DADE24627396E0700E7E766 /* AppDelegate.swift in Sources */ = {isa = PBXBuildFile; fileRef = 4DADE24527396E0700E7E766 /* AppDelegate.swift */; };
		4DADE24827396E0700E7E766 /* SceneDelegate.swift in Sources */ = {isa = PBXBuildFile; fileRef = 4DADE24727396E0700E7E766 /* SceneDelegate.swift */; };
		4DADE24F27396E0900E7E766 /* Assets.xcassets in Resources */ = {isa = PBXBuildFile; fileRef = 4DADE24E27396E0900E7E766 /* Assets.xcassets */; };
		4DADE25227396E0900E7E766 /* LaunchScreen.storyboard in Resources */ = {isa = PBXBuildFile; fileRef = 4DADE25027396E0900E7E766 /* LaunchScreen.storyboard */; };
		4DADE25A273993D600E7E766 /* MainViewController.swift in Sources */ = {isa = PBXBuildFile; fileRef = 4DADE259273993D600E7E766 /* MainViewController.swift */; };
		4DADE25C2739BF9F00E7E766 /* UIColor+Extension.swift in Sources */ = {isa = PBXBuildFile; fileRef = 4DADE25B2739BF9F00E7E766 /* UIColor+Extension.swift */; };
		4DB9A143273AE5240005D1D0 /* UIFont+Extension.swift in Sources */ = {isa = PBXBuildFile; fileRef = 4DB9A142273AE5240005D1D0 /* UIFont+Extension.swift */; };
		4DB9A144273AE8550005D1D0 /* ProximaNova-Regular.ttf in Resources */ = {isa = PBXBuildFile; fileRef = 4DB9A13F273AE4A70005D1D0 /* ProximaNova-Regular.ttf */; };
		4DB9A145273AE8550005D1D0 /* ProximaNova-Bold.ttf in Resources */ = {isa = PBXBuildFile; fileRef = 4DB9A140273AE4A70005D1D0 /* ProximaNova-Bold.ttf */; };
		4DB9A146273AE8550005D1D0 /* ProximaNova-Semibold.otf in Resources */ = {isa = PBXBuildFile; fileRef = 4DB9A13E273AE4A70005D1D0 /* ProximaNova-Semibold.otf */; };
		4DB9A148273AE95A0005D1D0 /* DemoCell.swift in Sources */ = {isa = PBXBuildFile; fileRef = 4DB9A147273AE95A0005D1D0 /* DemoCell.swift */; };
		4DB9A14A273AF8040005D1D0 /* DemoNavigationController.swift in Sources */ = {isa = PBXBuildFile; fileRef = 4DB9A149273AF8040005D1D0 /* DemoNavigationController.swift */; };
		4DB9A14C273AF81A0005D1D0 /* DemoViewController.swift in Sources */ = {isa = PBXBuildFile; fileRef = 4DB9A14B273AF81A0005D1D0 /* DemoViewController.swift */; };
		4DB9A14E273B19C20005D1D0 /* UILabel+Extension.swift in Sources */ = {isa = PBXBuildFile; fileRef = 4DB9A14D273B19C20005D1D0 /* UILabel+Extension.swift */; };
		4DE1FE4E27FF58C2002C41BC /* MediationIntegrationType.swift in Sources */ = {isa = PBXBuildFile; fileRef = 4DE1FE4B27FF58C2002C41BC /* MediationIntegrationType.swift */; };
		4DE1FE4F27FF58C2002C41BC /* MediationViewController.swift in Sources */ = {isa = PBXBuildFile; fileRef = 4DE1FE4C27FF58C2002C41BC /* MediationViewController.swift */; };
		4DE1FE5027FF58C2002C41BC /* MediationAdType.swift in Sources */ = {isa = PBXBuildFile; fileRef = 4DE1FE4D27FF58C2002C41BC /* MediationAdType.swift */; };
		96C445E829414A9300DF35B2 /* UIViewController+Extension.swift in Sources */ = {isa = PBXBuildFile; fileRef = 4D5C798E274C290E00033307 /* UIViewController+Extension.swift */; };
		96C445E929414A9300DF35B2 /* AppDelegate.swift in Sources */ = {isa = PBXBuildFile; fileRef = 4DADE24527396E0700E7E766 /* AppDelegate.swift */; };
		96C445EA29414A9300DF35B2 /* DemoAdCell.swift in Sources */ = {isa = PBXBuildFile; fileRef = 4D8AF6DE274D2776002A3783 /* DemoAdCell.swift */; };
		96C445EB29414A9300DF35B2 /* SceneDelegate.swift in Sources */ = {isa = PBXBuildFile; fileRef = 4DADE24727396E0700E7E766 /* SceneDelegate.swift */; };
		96C445EC29414A9300DF35B2 /* AdManagerSpecificAdViewController.swift in Sources */ = {isa = PBXBuildFile; fileRef = 15014CFC286C7DA4009DB195 /* AdManagerSpecificAdViewController.swift */; };
		96C445ED29414A9300DF35B2 /* TestRenderViewController.swift in Sources */ = {isa = PBXBuildFile; fileRef = 4D5C798A274C184000033307 /* TestRenderViewController.swift */; };
		96C445EE29414A9300DF35B2 /* UITableView+Extension.swift in Sources */ = {isa = PBXBuildFile; fileRef = 4D8A3FAA2742CAC700201485 /* UITableView+Extension.swift */; };
		96C445EF29414A9300DF35B2 /* MainViewController.swift in Sources */ = {isa = PBXBuildFile; fileRef = 4DADE259273993D600E7E766 /* MainViewController.swift */; };
		96C445F029414A9300DF35B2 /* AdManagerSpecificAdNimbusCell.swift in Sources */ = {isa = PBXBuildFile; fileRef = 15014CFD286C7DA4009DB195 /* AdManagerSpecificAdNimbusCell.swift */; };
		96C445F129414A9300DF35B2 /* DemoCell.swift in Sources */ = {isa = PBXBuildFile; fileRef = 4DB9A147273AE95A0005D1D0 /* DemoCell.swift */; };
		96C445F229414A9300DF35B2 /* Setting.swift in Sources */ = {isa = PBXBuildFile; fileRef = 4D5BAE80273C6A16009B7F95 /* Setting.swift */; };
		96C445F329414A9300DF35B2 /* ConfigManager.swift in Sources */ = {isa = PBXBuildFile; fileRef = 4D901D85273DC8CD00037C54 /* ConfigManager.swift */; };
		96C445F429414A9300DF35B2 /* UIFont+Extension.swift in Sources */ = {isa = PBXBuildFile; fileRef = 4DB9A142273AE5240005D1D0 /* UIFont+Extension.swift */; };
		96C445F529414A9300DF35B2 /* AdViewController.swift in Sources */ = {isa = PBXBuildFile; fileRef = 4D901D82273DC28500037C54 /* AdViewController.swift */; };
		96C445F629414A9300DF35B2 /* DemoHeader.swift in Sources */ = {isa = PBXBuildFile; fileRef = 4D5BAE7E273C5E9F009B7F95 /* DemoHeader.swift */; };
		96C445F729414A9300DF35B2 /* AdManagerSpecificAdTextCell.swift in Sources */ = {isa = PBXBuildFile; fileRef = 15014CFA286C7DA4009DB195 /* AdManagerSpecificAdTextCell.swift */; };
		96C445F829414A9300DF35B2 /* SettingsViewController.swift in Sources */ = {isa = PBXBuildFile; fileRef = 4D5BAE7A273C362B009B7F95 /* SettingsViewController.swift */; };
		96C445F929414A9300DF35B2 /* DemoNavigationController.swift in Sources */ = {isa = PBXBuildFile; fileRef = 4DB9A149273AF8040005D1D0 /* DemoNavigationController.swift */; };
		96C445FA29414A9300DF35B2 /* DemoRequestInterceptors.swift in Sources */ = {isa = PBXBuildFile; fileRef = 4D0AA886279F3FE100CD2F7C /* DemoRequestInterceptors.swift */; };
		96C445FB29414A9300DF35B2 /* TestRenderAdViewController.swift in Sources */ = {isa = PBXBuildFile; fileRef = 4D5C798C274C259A00033307 /* TestRenderAdViewController.swift */; };
		96C445FC29414A9300DF35B2 /* MainItem.swift in Sources */ = {isa = PBXBuildFile; fileRef = 2013D50E279087F500CB5DCF /* MainItem.swift */; };
		96C445FD29414A9300DF35B2 /* AdDemoViewController.swift in Sources */ = {isa = PBXBuildFile; fileRef = 4D901D7C273D936E00037C54 /* AdDemoViewController.swift */; };
		96C445FE29414A9300DF35B2 /* AdManagerViewController.swift in Sources */ = {isa = PBXBuildFile; fileRef = 4D901D80273DAFD400037C54 /* AdManagerViewController.swift */; };
		96C445FF29414A9300DF35B2 /* SettingsSection.swift in Sources */ = {isa = PBXBuildFile; fileRef = 2013D5102790886600CB5DCF /* SettingsSection.swift */; };
		96C4460029414A9300DF35B2 /* AdManagerSpecificAdType.swift in Sources */ = {isa = PBXBuildFile; fileRef = 15014CFB286C7DA4009DB195 /* AdManagerSpecificAdType.swift */; };
		96C4460129414A9300DF35B2 /* MediationAdType.swift in Sources */ = {isa = PBXBuildFile; fileRef = 4DE1FE4D27FF58C2002C41BC /* MediationAdType.swift */; };
		96C4460229414A9300DF35B2 /* DemoViewController.swift in Sources */ = {isa = PBXBuildFile; fileRef = 4DB9A14B273AF81A0005D1D0 /* DemoViewController.swift */; };
		96C4460329414A9300DF35B2 /* UIColor+Extension.swift in Sources */ = {isa = PBXBuildFile; fileRef = 4DADE25B2739BF9F00E7E766 /* UIColor+Extension.swift */; };
		96C4460429414A9300DF35B2 /* NSObject+Extension.swift in Sources */ = {isa = PBXBuildFile; fileRef = 4D8A3FA82742CA1100201485 /* NSObject+Extension.swift */; };
		96C4460529414A9300DF35B2 /* MediationViewController.swift in Sources */ = {isa = PBXBuildFile; fileRef = 4DE1FE4C27FF58C2002C41BC /* MediationViewController.swift */; };
		96C4460629414A9300DF35B2 /* UILabel+Extension.swift in Sources */ = {isa = PBXBuildFile; fileRef = 4DB9A14D273B19C20005D1D0 /* UILabel+Extension.swift */; };
		96C4460729414A9300DF35B2 /* MediationIntegrationType.swift in Sources */ = {isa = PBXBuildFile; fileRef = 4DE1FE4B27FF58C2002C41BC /* MediationIntegrationType.swift */; };
		96C4460829414A9300DF35B2 /* String+Extension.swift in Sources */ = {isa = PBXBuildFile; fileRef = 4D901D7E273D982500037C54 /* String+Extension.swift */; };
		96C4460929414A9300DF35B2 /* DemoDataSource.swift in Sources */ = {isa = PBXBuildFile; fileRef = 4D8A3FAE274306F100201485 /* DemoDataSource.swift */; };
		96C4460A29414A9300DF35B2 /* UIImage+Extension.swift in Sources */ = {isa = PBXBuildFile; fileRef = 4D5C7990274C60BE00033307 /* UIImage+Extension.swift */; };
		96C4460B29414A9300DF35B2 /* FacebookAdType.swift in Sources */ = {isa = PBXBuildFile; fileRef = 4D563C422746FD4F00294A7B /* FacebookAdType.swift */; };
		96C4460C29414A9300DF35B2 /* AdManagerAdType.swift in Sources */ = {isa = PBXBuildFile; fileRef = 4D563C402746FD3B00294A7B /* AdManagerAdType.swift */; };
		96C4460D29414A9300DF35B2 /* CustomAdContainerView.swift in Sources */ = {isa = PBXBuildFile; fileRef = 150B4B5728D3E6F7002F233D /* CustomAdContainerView.swift */; };
		96C4460E29414A9300DF35B2 /* GAMViewController.swift in Sources */ = {isa = PBXBuildFile; fileRef = 4D84B1B72743FFF300CA9CE2 /* GAMViewController.swift */; };
		96C4460F29414A9300DF35B2 /* DemoItem.swift in Sources */ = {isa = PBXBuildFile; fileRef = 4D563C442746FD6300294A7B /* DemoItem.swift */; };
		96C4461029414A9300DF35B2 /* SettingsCell.swift in Sources */ = {isa = PBXBuildFile; fileRef = 4D5BAE7C273C3CA8009B7F95 /* SettingsCell.swift */; };
		96C4461E29414A9300DF35B2 /* LaunchScreen.storyboard in Resources */ = {isa = PBXBuildFile; fileRef = 4DADE25027396E0900E7E766 /* LaunchScreen.storyboard */; };
		96C4461F29414A9300DF35B2 /* Assets.xcassets in Resources */ = {isa = PBXBuildFile; fileRef = 4DADE24E27396E0900E7E766 /* Assets.xcassets */; };
		96C4462029414A9300DF35B2 /* ProximaNova-Semibold.otf in Resources */ = {isa = PBXBuildFile; fileRef = 4DB9A13E273AE4A70005D1D0 /* ProximaNova-Semibold.otf */; };
		96C4462129414A9300DF35B2 /* ProximaNova-Bold.ttf in Resources */ = {isa = PBXBuildFile; fileRef = 4DB9A140273AE4A70005D1D0 /* ProximaNova-Bold.ttf */; };
		96C4462229414A9300DF35B2 /* ProximaNova-Regular.ttf in Resources */ = {isa = PBXBuildFile; fileRef = 4DB9A13F273AE4A70005D1D0 /* ProximaNova-Regular.ttf */; };
		96C4462329414A9300DF35B2 /* secrets.json in Resources */ = {isa = PBXBuildFile; fileRef = 4D901D88273DCC7100037C54 /* secrets.json */; };
		9986B1C7E0CB6C3DCC2103E7 /* Pods_nimbus_ios_sample_pods.framework in Frameworks */ = {isa = PBXBuildFile; fileRef = 9D747D97B2333462611B9D24 /* Pods_nimbus_ios_sample_pods.framework */; };
/* End PBXBuildFile section */

/* Begin PBXFileReference section */
		15014CFA286C7DA4009DB195 /* AdManagerSpecificAdTextCell.swift */ = {isa = PBXFileReference; fileEncoding = 4; lastKnownFileType = sourcecode.swift; path = AdManagerSpecificAdTextCell.swift; sourceTree = "<group>"; };
		15014CFB286C7DA4009DB195 /* AdManagerSpecificAdType.swift */ = {isa = PBXFileReference; fileEncoding = 4; lastKnownFileType = sourcecode.swift; path = AdManagerSpecificAdType.swift; sourceTree = "<group>"; };
		15014CFC286C7DA4009DB195 /* AdManagerSpecificAdViewController.swift */ = {isa = PBXFileReference; fileEncoding = 4; lastKnownFileType = sourcecode.swift; path = AdManagerSpecificAdViewController.swift; sourceTree = "<group>"; };
		15014CFD286C7DA4009DB195 /* AdManagerSpecificAdNimbusCell.swift */ = {isa = PBXFileReference; fileEncoding = 4; lastKnownFileType = sourcecode.swift; path = AdManagerSpecificAdNimbusCell.swift; sourceTree = "<group>"; };
		150B4B5728D3E6F7002F233D /* CustomAdContainerView.swift */ = {isa = PBXFileReference; fileEncoding = 4; lastKnownFileType = sourcecode.swift; path = CustomAdContainerView.swift; sourceTree = "<group>"; };
		2013D50E279087F500CB5DCF /* MainItem.swift */ = {isa = PBXFileReference; lastKnownFileType = sourcecode.swift; path = MainItem.swift; sourceTree = "<group>"; };
		2013D5102790886600CB5DCF /* SettingsSection.swift */ = {isa = PBXFileReference; lastKnownFileType = sourcecode.swift; path = SettingsSection.swift; sourceTree = "<group>"; };
		2052050629CD4D5E004D7024 /* APSAds.swift */ = {isa = PBXFileReference; fileEncoding = 4; lastKnownFileType = sourcecode.swift; path = APSAds.swift; sourceTree = "<group>"; };
		4D0AA886279F3FE100CD2F7C /* DemoRequestInterceptors.swift */ = {isa = PBXFileReference; lastKnownFileType = sourcecode.swift; path = DemoRequestInterceptors.swift; sourceTree = "<group>"; };
		4D563C402746FD3B00294A7B /* AdManagerAdType.swift */ = {isa = PBXFileReference; lastKnownFileType = sourcecode.swift; path = AdManagerAdType.swift; sourceTree = "<group>"; };
		4D563C422746FD4F00294A7B /* FacebookAdType.swift */ = {isa = PBXFileReference; lastKnownFileType = sourcecode.swift; path = FacebookAdType.swift; sourceTree = "<group>"; };
		4D563C442746FD6300294A7B /* DemoItem.swift */ = {isa = PBXFileReference; lastKnownFileType = sourcecode.swift; path = DemoItem.swift; sourceTree = "<group>"; };
		4D5BAE7A273C362B009B7F95 /* SettingsViewController.swift */ = {isa = PBXFileReference; lastKnownFileType = sourcecode.swift; path = SettingsViewController.swift; sourceTree = "<group>"; };
		4D5BAE7C273C3CA8009B7F95 /* SettingsCell.swift */ = {isa = PBXFileReference; lastKnownFileType = sourcecode.swift; path = SettingsCell.swift; sourceTree = "<group>"; };
		4D5BAE7E273C5E9F009B7F95 /* DemoHeader.swift */ = {isa = PBXFileReference; lastKnownFileType = sourcecode.swift; path = DemoHeader.swift; sourceTree = "<group>"; };
		4D5BAE80273C6A16009B7F95 /* Setting.swift */ = {isa = PBXFileReference; lastKnownFileType = sourcecode.swift; path = Setting.swift; sourceTree = "<group>"; };
		4D5C798A274C184000033307 /* TestRenderViewController.swift */ = {isa = PBXFileReference; lastKnownFileType = sourcecode.swift; path = TestRenderViewController.swift; sourceTree = "<group>"; };
		4D5C798C274C259A00033307 /* TestRenderAdViewController.swift */ = {isa = PBXFileReference; lastKnownFileType = sourcecode.swift; path = TestRenderAdViewController.swift; sourceTree = "<group>"; };
		4D5C798E274C290E00033307 /* UIViewController+Extension.swift */ = {isa = PBXFileReference; lastKnownFileType = sourcecode.swift; path = "UIViewController+Extension.swift"; sourceTree = "<group>"; };
		4D5C7990274C60BE00033307 /* UIImage+Extension.swift */ = {isa = PBXFileReference; lastKnownFileType = sourcecode.swift; path = "UIImage+Extension.swift"; sourceTree = "<group>"; };
		4D84B1B72743FFF300CA9CE2 /* GAMViewController.swift */ = {isa = PBXFileReference; lastKnownFileType = sourcecode.swift; path = GAMViewController.swift; sourceTree = "<group>"; };
		4D8A3FA82742CA1100201485 /* NSObject+Extension.swift */ = {isa = PBXFileReference; lastKnownFileType = sourcecode.swift; path = "NSObject+Extension.swift"; sourceTree = "<group>"; };
		4D8A3FAA2742CAC700201485 /* UITableView+Extension.swift */ = {isa = PBXFileReference; lastKnownFileType = sourcecode.swift; path = "UITableView+Extension.swift"; sourceTree = "<group>"; };
		4D8A3FAE274306F100201485 /* DemoDataSource.swift */ = {isa = PBXFileReference; lastKnownFileType = sourcecode.swift; path = DemoDataSource.swift; sourceTree = "<group>"; };
		4D8AF6DE274D2776002A3783 /* DemoAdCell.swift */ = {isa = PBXFileReference; lastKnownFileType = sourcecode.swift; path = DemoAdCell.swift; sourceTree = "<group>"; };
		4D901D7C273D936E00037C54 /* AdDemoViewController.swift */ = {isa = PBXFileReference; lastKnownFileType = sourcecode.swift; path = AdDemoViewController.swift; sourceTree = "<group>"; };
		4D901D7E273D982500037C54 /* String+Extension.swift */ = {isa = PBXFileReference; lastKnownFileType = sourcecode.swift; path = "String+Extension.swift"; sourceTree = "<group>"; };
		4D901D80273DAFD400037C54 /* AdManagerViewController.swift */ = {isa = PBXFileReference; lastKnownFileType = sourcecode.swift; path = AdManagerViewController.swift; sourceTree = "<group>"; };
		4D901D82273DC28500037C54 /* AdViewController.swift */ = {isa = PBXFileReference; lastKnownFileType = sourcecode.swift; path = AdViewController.swift; sourceTree = "<group>"; };
		4D901D85273DC8CD00037C54 /* ConfigManager.swift */ = {isa = PBXFileReference; lastKnownFileType = sourcecode.swift; path = ConfigManager.swift; sourceTree = "<group>"; };
		4D901D88273DCC7100037C54 /* secrets.json */ = {isa = PBXFileReference; fileEncoding = 4; lastKnownFileType = text.json; path = secrets.json; sourceTree = "<group>"; };
		4DADE24227396E0700E7E766 /* nimbus-ios-sample.app */ = {isa = PBXFileReference; explicitFileType = wrapper.application; includeInIndex = 0; path = "nimbus-ios-sample.app"; sourceTree = BUILT_PRODUCTS_DIR; };
		4DADE24527396E0700E7E766 /* AppDelegate.swift */ = {isa = PBXFileReference; lastKnownFileType = sourcecode.swift; path = AppDelegate.swift; sourceTree = "<group>"; };
		4DADE24727396E0700E7E766 /* SceneDelegate.swift */ = {isa = PBXFileReference; lastKnownFileType = sourcecode.swift; path = SceneDelegate.swift; sourceTree = "<group>"; };
		4DADE24E27396E0900E7E766 /* Assets.xcassets */ = {isa = PBXFileReference; lastKnownFileType = folder.assetcatalog; path = Assets.xcassets; sourceTree = "<group>"; };
		4DADE25127396E0900E7E766 /* Base */ = {isa = PBXFileReference; lastKnownFileType = file.storyboard; name = Base; path = Base.lproj/LaunchScreen.storyboard; sourceTree = "<group>"; };
		4DADE25327396E0900E7E766 /* Info.plist */ = {isa = PBXFileReference; lastKnownFileType = text.plist.xml; path = Info.plist; sourceTree = "<group>"; };
		4DADE259273993D600E7E766 /* MainViewController.swift */ = {isa = PBXFileReference; lastKnownFileType = sourcecode.swift; path = MainViewController.swift; sourceTree = "<group>"; };
		4DADE25B2739BF9F00E7E766 /* UIColor+Extension.swift */ = {isa = PBXFileReference; lastKnownFileType = sourcecode.swift; path = "UIColor+Extension.swift"; sourceTree = "<group>"; };
		4DB9A13E273AE4A70005D1D0 /* ProximaNova-Semibold.otf */ = {isa = PBXFileReference; lastKnownFileType = file; path = "ProximaNova-Semibold.otf"; sourceTree = "<group>"; };
		4DB9A13F273AE4A70005D1D0 /* ProximaNova-Regular.ttf */ = {isa = PBXFileReference; lastKnownFileType = file; path = "ProximaNova-Regular.ttf"; sourceTree = "<group>"; };
		4DB9A140273AE4A70005D1D0 /* ProximaNova-Bold.ttf */ = {isa = PBXFileReference; lastKnownFileType = file; path = "ProximaNova-Bold.ttf"; sourceTree = "<group>"; };
		4DB9A142273AE5240005D1D0 /* UIFont+Extension.swift */ = {isa = PBXFileReference; lastKnownFileType = sourcecode.swift; path = "UIFont+Extension.swift"; sourceTree = "<group>"; };
		4DB9A147273AE95A0005D1D0 /* DemoCell.swift */ = {isa = PBXFileReference; lastKnownFileType = sourcecode.swift; path = DemoCell.swift; sourceTree = "<group>"; };
		4DB9A149273AF8040005D1D0 /* DemoNavigationController.swift */ = {isa = PBXFileReference; lastKnownFileType = sourcecode.swift; path = DemoNavigationController.swift; sourceTree = "<group>"; };
		4DB9A14B273AF81A0005D1D0 /* DemoViewController.swift */ = {isa = PBXFileReference; lastKnownFileType = sourcecode.swift; path = DemoViewController.swift; sourceTree = "<group>"; };
		4DB9A14D273B19C20005D1D0 /* UILabel+Extension.swift */ = {isa = PBXFileReference; lastKnownFileType = sourcecode.swift; path = "UILabel+Extension.swift"; sourceTree = "<group>"; };
		4DE1FE4B27FF58C2002C41BC /* MediationIntegrationType.swift */ = {isa = PBXFileReference; fileEncoding = 4; lastKnownFileType = sourcecode.swift; path = MediationIntegrationType.swift; sourceTree = "<group>"; };
		4DE1FE4C27FF58C2002C41BC /* MediationViewController.swift */ = {isa = PBXFileReference; fileEncoding = 4; lastKnownFileType = sourcecode.swift; path = MediationViewController.swift; sourceTree = "<group>"; };
		4DE1FE4D27FF58C2002C41BC /* MediationAdType.swift */ = {isa = PBXFileReference; fileEncoding = 4; lastKnownFileType = sourcecode.swift; path = MediationAdType.swift; sourceTree = "<group>"; };
		96C4462729414A9300DF35B2 /* nimbus-ios-sample-pods.app */ = {isa = PBXFileReference; explicitFileType = wrapper.application; includeInIndex = 0; path = "nimbus-ios-sample-pods.app"; sourceTree = BUILT_PRODUCTS_DIR; };
		9D747D97B2333462611B9D24 /* Pods_nimbus_ios_sample_pods.framework */ = {isa = PBXFileReference; explicitFileType = wrapper.framework; includeInIndex = 0; path = Pods_nimbus_ios_sample_pods.framework; sourceTree = BUILT_PRODUCTS_DIR; };
		B9D00992466C6CB9A09A4C90 /* Pods-nimbus-ios-sample-pods.debug.xcconfig */ = {isa = PBXFileReference; includeInIndex = 1; lastKnownFileType = text.xcconfig; name = "Pods-nimbus-ios-sample-pods.debug.xcconfig"; path = "Target Support Files/Pods-nimbus-ios-sample-pods/Pods-nimbus-ios-sample-pods.debug.xcconfig"; sourceTree = "<group>"; };
		F213016D581139F9708AB326 /* Pods-nimbus-ios-sample-pods.release.xcconfig */ = {isa = PBXFileReference; includeInIndex = 1; lastKnownFileType = text.xcconfig; name = "Pods-nimbus-ios-sample-pods.release.xcconfig"; path = "Target Support Files/Pods-nimbus-ios-sample-pods/Pods-nimbus-ios-sample-pods.release.xcconfig"; sourceTree = "<group>"; };
/* End PBXFileReference section */

/* Begin PBXFrameworksBuildPhase section */
		4DADE23F27396E0700E7E766 /* Frameworks */ = {
			isa = PBXFrameworksBuildPhase;
			buildActionMask = 2147483647;
			files = (
			);
			runOnlyForDeploymentPostprocessing = 0;
		};
		96C4461129414A9300DF35B2 /* Frameworks */ = {
			isa = PBXFrameworksBuildPhase;
			buildActionMask = 2147483647;
			files = (
				9986B1C7E0CB6C3DCC2103E7 /* Pods_nimbus_ios_sample_pods.framework in Frameworks */,
			);
			runOnlyForDeploymentPostprocessing = 0;
		};
/* End PBXFrameworksBuildPhase section */

/* Begin PBXGroup section */
		4D0AA885279F3FA700CD2F7C /* Helpers */ = {
			isa = PBXGroup;
			children = (
				4D0AA886279F3FE100CD2F7C /* DemoRequestInterceptors.swift */,
			);
			path = Helpers;
			sourceTree = "<group>";
		};
		4D15A0D8274802CE00D4DBCB /* Ad */ = {
			isa = PBXGroup;
			children = (
				150B4B5728D3E6F7002F233D /* CustomAdContainerView.swift */,
				4D901D82273DC28500037C54 /* AdViewController.swift */,
			);
			path = Ad;
			sourceTree = "<group>";
		};
		4D5BAE78273C3584009B7F95 /* Main */ = {
			isa = PBXGroup;
			children = (
				2013D50E279087F500CB5DCF /* MainItem.swift */,
				4DADE259273993D600E7E766 /* MainViewController.swift */,
			);
			path = Main;
			sourceTree = "<group>";
		};
		4D5BAE79273C3614009B7F95 /* Settings */ = {
			isa = PBXGroup;
			children = (
				4D5BAE80273C6A16009B7F95 /* Setting.swift */,
				4D5BAE7C273C3CA8009B7F95 /* SettingsCell.swift */,
				2013D5102790886600CB5DCF /* SettingsSection.swift */,
				4D5BAE7A273C362B009B7F95 /* SettingsViewController.swift */,
			);
			path = Settings;
			sourceTree = "<group>";
		};
		4D5BAE82273C6C64009B7F95 /* Common */ = {
			isa = PBXGroup;
			children = (
				4D563C442746FD6300294A7B /* DemoItem.swift */,
				4DB9A147273AE95A0005D1D0 /* DemoCell.swift */,
				4D8AF6DE274D2776002A3783 /* DemoAdCell.swift */,
				4D5BAE7E273C5E9F009B7F95 /* DemoHeader.swift */,
				4DB9A149273AF8040005D1D0 /* DemoNavigationController.swift */,
				4DB9A14B273AF81A0005D1D0 /* DemoViewController.swift */,
				4D8A3FAE274306F100201485 /* DemoDataSource.swift */,
			);
			path = Common;
			sourceTree = "<group>";
		};
		4D5BAE83273C6C81009B7F95 /* Extensions */ = {
			isa = PBXGroup;
			children = (
				4DADE25B2739BF9F00E7E766 /* UIColor+Extension.swift */,
				4DB9A14D273B19C20005D1D0 /* UILabel+Extension.swift */,
				4DB9A142273AE5240005D1D0 /* UIFont+Extension.swift */,
				4D901D7E273D982500037C54 /* String+Extension.swift */,
				4D8A3FA82742CA1100201485 /* NSObject+Extension.swift */,
				4D8A3FAA2742CAC700201485 /* UITableView+Extension.swift */,
				4D5C798E274C290E00033307 /* UIViewController+Extension.swift */,
				4D5C7990274C60BE00033307 /* UIImage+Extension.swift */,
			);
			path = Extensions;
			sourceTree = "<group>";
		};
		4D8A3FA52742C74B00201485 /* Mediation Platforms */ = {
			isa = PBXGroup;
			children = (
				4DE1FE4D27FF58C2002C41BC /* MediationAdType.swift */,
				4DE1FE4B27FF58C2002C41BC /* MediationIntegrationType.swift */,
				4DE1FE4C27FF58C2002C41BC /* MediationViewController.swift */,
				4DDD7A54274470760075FDAE /* GAM */,
			);
			path = "Mediation Platforms";
			sourceTree = "<group>";
		};
		4D8A3FB027430AAE00201485 /* Test Render */ = {
			isa = PBXGroup;
			children = (
				4D5C798A274C184000033307 /* TestRenderViewController.swift */,
				4D5C798C274C259A00033307 /* TestRenderAdViewController.swift */,
			);
			path = "Test Render";
			sourceTree = "<group>";
		};
		4D901D79273D931C00037C54 /* Ad Manager */ = {
			isa = PBXGroup;
			children = (
				2052050629CD4D5E004D7024 /* APSAds.swift */,
				15014CFD286C7DA4009DB195 /* AdManagerSpecificAdNimbusCell.swift */,
				15014CFA286C7DA4009DB195 /* AdManagerSpecificAdTextCell.swift */,
				15014CFB286C7DA4009DB195 /* AdManagerSpecificAdType.swift */,
				15014CFC286C7DA4009DB195 /* AdManagerSpecificAdViewController.swift */,
				4D563C402746FD3B00294A7B /* AdManagerAdType.swift */,
				4D563C422746FD4F00294A7B /* FacebookAdType.swift */,
				4D901D7C273D936E00037C54 /* AdDemoViewController.swift */,
				4D901D80273DAFD400037C54 /* AdManagerViewController.swift */,
			);
			path = "Ad Manager";
			sourceTree = "<group>";
		};
		4D901D84273DC8B700037C54 /* Config */ = {
			isa = PBXGroup;
			children = (
				4D901D85273DC8CD00037C54 /* ConfigManager.swift */,
				4D901D88273DCC7100037C54 /* secrets.json */,
			);
			path = Config;
			sourceTree = "<group>";
		};
		4DADE23927396E0700E7E766 = {
			isa = PBXGroup;
			children = (
				4DADE24427396E0700E7E766 /* nimbus-ios-sample */,
				4DADE24327396E0700E7E766 /* Products */,
				7E2A6DEB1401D3EAC9322998 /* Pods */,
				99498655172AA174E2FD6926 /* Frameworks */,
			);
			sourceTree = "<group>";
		};
		4DADE24327396E0700E7E766 /* Products */ = {
			isa = PBXGroup;
			children = (
				4DADE24227396E0700E7E766 /* nimbus-ios-sample.app */,
				96C4462729414A9300DF35B2 /* nimbus-ios-sample-pods.app */,
			);
			name = Products;
			sourceTree = "<group>";
		};
		4DADE24427396E0700E7E766 /* nimbus-ios-sample */ = {
			isa = PBXGroup;
			children = (
				4D0AA885279F3FA700CD2F7C /* Helpers */,
				4D901D79273D931C00037C54 /* Ad Manager */,
				4D901D84273DC8B700037C54 /* Config */,
				4D5BAE78273C3584009B7F95 /* Main */,
				4D15A0D8274802CE00D4DBCB /* Ad */,
				4D8A3FA52742C74B00201485 /* Mediation Platforms */,
				4D8A3FB027430AAE00201485 /* Test Render */,
				4D5BAE79273C3614009B7F95 /* Settings */,
				4D5BAE83273C6C81009B7F95 /* Extensions */,
				4D5BAE82273C6C64009B7F95 /* Common */,
				4DB9A13D273AE46F0005D1D0 /* Resources */,
				4DADE24527396E0700E7E766 /* AppDelegate.swift */,
				4DADE24727396E0700E7E766 /* SceneDelegate.swift */,
				4DADE24E27396E0900E7E766 /* Assets.xcassets */,
				4DADE25027396E0900E7E766 /* LaunchScreen.storyboard */,
				4DADE25327396E0900E7E766 /* Info.plist */,
			);
			path = "nimbus-ios-sample";
			sourceTree = "<group>";
		};
		4DB9A13D273AE46F0005D1D0 /* Resources */ = {
			isa = PBXGroup;
			children = (
				4DB9A141273AE4A90005D1D0 /* Fonts */,
			);
			path = Resources;
			sourceTree = "<group>";
		};
		4DB9A141273AE4A90005D1D0 /* Fonts */ = {
			isa = PBXGroup;
			children = (
				4DB9A140273AE4A70005D1D0 /* ProximaNova-Bold.ttf */,
				4DB9A13F273AE4A70005D1D0 /* ProximaNova-Regular.ttf */,
				4DB9A13E273AE4A70005D1D0 /* ProximaNova-Semibold.otf */,
			);
			path = Fonts;
			sourceTree = "<group>";
		};
		4DDD7A54274470760075FDAE /* GAM */ = {
			isa = PBXGroup;
			children = (
				4D84B1B72743FFF300CA9CE2 /* GAMViewController.swift */,
			);
			path = GAM;
			sourceTree = "<group>";
		};
		7E2A6DEB1401D3EAC9322998 /* Pods */ = {
			isa = PBXGroup;
			children = (
				B9D00992466C6CB9A09A4C90 /* Pods-nimbus-ios-sample-pods.debug.xcconfig */,
				F213016D581139F9708AB326 /* Pods-nimbus-ios-sample-pods.release.xcconfig */,
			);
			path = Pods;
			sourceTree = "<group>";
		};
		99498655172AA174E2FD6926 /* Frameworks */ = {
			isa = PBXGroup;
			children = (
				9D747D97B2333462611B9D24 /* Pods_nimbus_ios_sample_pods.framework */,
			);
			name = Frameworks;
			sourceTree = "<group>";
		};
/* End PBXGroup section */

/* Begin PBXNativeTarget section */
		4DADE24127396E0700E7E766 /* nimbus-ios-sample */ = {
			isa = PBXNativeTarget;
			buildConfigurationList = 4DADE25627396E0900E7E766 /* Build configuration list for PBXNativeTarget "nimbus-ios-sample" */;
			buildPhases = (
				4DADE23E27396E0700E7E766 /* Sources */,
				4DADE23F27396E0700E7E766 /* Frameworks */,
				4DADE24027396E0700E7E766 /* Resources */,
			);
			buildRules = (
			);
			dependencies = (
			);
			name = "nimbus-ios-sample";
			packageProductDependencies = (
			);
			productName = NimbusDemoApp;
			productReference = 4DADE24227396E0700E7E766 /* nimbus-ios-sample.app */;
			productType = "com.apple.product-type.application";
		};
		96C445DA29414A9300DF35B2 /* nimbus-ios-sample-pods */ = {
			isa = PBXNativeTarget;
			buildConfigurationList = 96C4462429414A9300DF35B2 /* Build configuration list for PBXNativeTarget "nimbus-ios-sample-pods" */;
			buildPhases = (
				8B07979EA79149ADC2E2D7A7 /* [CP] Check Pods Manifest.lock */,
				96C445E729414A9300DF35B2 /* Sources */,
				96C4461129414A9300DF35B2 /* Frameworks */,
				96C4461D29414A9300DF35B2 /* Resources */,
				7544635CB3E43EF52C3CAD19 /* [CP] Embed Pods Frameworks */,
			);
			buildRules = (
			);
			dependencies = (
			);
			name = "nimbus-ios-sample-pods";
			productName = NimbusDemoApp;
			productReference = 96C4462729414A9300DF35B2 /* nimbus-ios-sample-pods.app */;
			productType = "com.apple.product-type.application";
		};
/* End PBXNativeTarget section */

/* Begin PBXProject section */
		4DADE23A27396E0700E7E766 /* Project object */ = {
			isa = PBXProject;
			attributes = {
				BuildIndependentTargetsInParallel = 1;
				LastSwiftUpdateCheck = 1300;
				LastUpgradeCheck = 1300;
				TargetAttributes = {
					4DADE24127396E0700E7E766 = {
						CreatedOnToolsVersion = 13.0;
					};
				};
			};
			buildConfigurationList = 4DADE23D27396E0700E7E766 /* Build configuration list for PBXProject "nimbus-ios-sample" */;
			compatibilityVersion = "Xcode 13.0";
			developmentRegion = en;
			hasScannedForEncodings = 0;
			knownRegions = (
				en,
				Base,
			);
			mainGroup = 4DADE23927396E0700E7E766;
			packageReferences = (
			);
			productRefGroup = 4DADE24327396E0700E7E766 /* Products */;
			projectDirPath = "";
			projectRoot = "";
			targets = (
				4DADE24127396E0700E7E766 /* nimbus-ios-sample */,
				96C445DA29414A9300DF35B2 /* nimbus-ios-sample-pods */,
			);
		};
/* End PBXProject section */

/* Begin PBXResourcesBuildPhase section */
		4DADE24027396E0700E7E766 /* Resources */ = {
			isa = PBXResourcesBuildPhase;
			buildActionMask = 2147483647;
			files = (
				4DADE25227396E0900E7E766 /* LaunchScreen.storyboard in Resources */,
				4DADE24F27396E0900E7E766 /* Assets.xcassets in Resources */,
				4DB9A146273AE8550005D1D0 /* ProximaNova-Semibold.otf in Resources */,
				4DB9A145273AE8550005D1D0 /* ProximaNova-Bold.ttf in Resources */,
				4DB9A144273AE8550005D1D0 /* ProximaNova-Regular.ttf in Resources */,
				4D901D8A273DCC7100037C54 /* secrets.json in Resources */,
			);
			runOnlyForDeploymentPostprocessing = 0;
		};
		96C4461D29414A9300DF35B2 /* Resources */ = {
			isa = PBXResourcesBuildPhase;
			buildActionMask = 2147483647;
			files = (
				96C4461E29414A9300DF35B2 /* LaunchScreen.storyboard in Resources */,
				96C4461F29414A9300DF35B2 /* Assets.xcassets in Resources */,
				96C4462029414A9300DF35B2 /* ProximaNova-Semibold.otf in Resources */,
				96C4462129414A9300DF35B2 /* ProximaNova-Bold.ttf in Resources */,
				96C4462229414A9300DF35B2 /* ProximaNova-Regular.ttf in Resources */,
				96C4462329414A9300DF35B2 /* secrets.json in Resources */,
			);
			runOnlyForDeploymentPostprocessing = 0;
		};
/* End PBXResourcesBuildPhase section */

/* Begin PBXShellScriptBuildPhase section */
		7544635CB3E43EF52C3CAD19 /* [CP] Embed Pods Frameworks */ = {
			isa = PBXShellScriptBuildPhase;
			buildActionMask = 2147483647;
			files = (
			);
			inputFileListPaths = (
				"${PODS_ROOT}/Target Support Files/Pods-nimbus-ios-sample-pods/Pods-nimbus-ios-sample-pods-frameworks-${CONFIGURATION}-input-files.xcfilelist",
			);
			name = "[CP] Embed Pods Frameworks";
			outputFileListPaths = (
				"${PODS_ROOT}/Target Support Files/Pods-nimbus-ios-sample-pods/Pods-nimbus-ios-sample-pods-frameworks-${CONFIGURATION}-output-files.xcfilelist",
			);
			runOnlyForDeploymentPostprocessing = 0;
			shellPath = /bin/sh;
			shellScript = "\"${PODS_ROOT}/Target Support Files/Pods-nimbus-ios-sample-pods/Pods-nimbus-ios-sample-pods-frameworks.sh\"\n";
			showEnvVarsInLog = 0;
		};
		8B07979EA79149ADC2E2D7A7 /* [CP] Check Pods Manifest.lock */ = {
			isa = PBXShellScriptBuildPhase;
			buildActionMask = 2147483647;
			files = (
			);
			inputFileListPaths = (
			);
			inputPaths = (
				"${PODS_PODFILE_DIR_PATH}/Podfile.lock",
				"${PODS_ROOT}/Manifest.lock",
			);
			name = "[CP] Check Pods Manifest.lock";
			outputFileListPaths = (
			);
			outputPaths = (
				"$(DERIVED_FILE_DIR)/Pods-nimbus-ios-sample-pods-checkManifestLockResult.txt",
			);
			runOnlyForDeploymentPostprocessing = 0;
			shellPath = /bin/sh;
			shellScript = "diff \"${PODS_PODFILE_DIR_PATH}/Podfile.lock\" \"${PODS_ROOT}/Manifest.lock\" > /dev/null\nif [ $? != 0 ] ; then\n    # print error to STDERR\n    echo \"error: The sandbox is not in sync with the Podfile.lock. Run 'pod install' or update your CocoaPods installation.\" >&2\n    exit 1\nfi\n# This output is used by Xcode 'outputs' to avoid re-running this script phase.\necho \"SUCCESS\" > \"${SCRIPT_OUTPUT_FILE_0}\"\n";
			showEnvVarsInLog = 0;
		};
/* End PBXShellScriptBuildPhase section */

/* Begin PBXSourcesBuildPhase section */
		4DADE23E27396E0700E7E766 /* Sources */ = {
			isa = PBXSourcesBuildPhase;
			buildActionMask = 2147483647;
			files = (
				4D5C798F274C290E00033307 /* UIViewController+Extension.swift in Sources */,
				4DADE24627396E0700E7E766 /* AppDelegate.swift in Sources */,
				4D8AF6DF274D2776002A3783 /* DemoAdCell.swift in Sources */,
				4DADE24827396E0700E7E766 /* SceneDelegate.swift in Sources */,
				15014D00286C7DA4009DB195 /* AdManagerSpecificAdViewController.swift in Sources */,
				2052050729CD4D5E004D7024 /* APSAds.swift in Sources */,
				4D5C798B274C184000033307 /* TestRenderViewController.swift in Sources */,
				4D8A3FAB2742CAC700201485 /* UITableView+Extension.swift in Sources */,
				4DADE25A273993D600E7E766 /* MainViewController.swift in Sources */,
				15014D01286C7DA4009DB195 /* AdManagerSpecificAdNimbusCell.swift in Sources */,
				4DB9A148273AE95A0005D1D0 /* DemoCell.swift in Sources */,
				4D5BAE81273C6A16009B7F95 /* Setting.swift in Sources */,
				4D901D86273DC8CD00037C54 /* ConfigManager.swift in Sources */,
				4DB9A143273AE5240005D1D0 /* UIFont+Extension.swift in Sources */,
				4D901D83273DC28500037C54 /* AdViewController.swift in Sources */,
				4D5BAE7F273C5E9F009B7F95 /* DemoHeader.swift in Sources */,
				15014CFE286C7DA4009DB195 /* AdManagerSpecificAdTextCell.swift in Sources */,
				4D5BAE7B273C362B009B7F95 /* SettingsViewController.swift in Sources */,
				4DB9A14A273AF8040005D1D0 /* DemoNavigationController.swift in Sources */,
				4D0AA887279F3FE100CD2F7C /* DemoRequestInterceptors.swift in Sources */,
				4D5C798D274C259A00033307 /* TestRenderAdViewController.swift in Sources */,
				2013D50F279087F500CB5DCF /* MainItem.swift in Sources */,
				4D901D7D273D936E00037C54 /* AdDemoViewController.swift in Sources */,
				4D901D81273DAFD400037C54 /* AdManagerViewController.swift in Sources */,
				2013D5112790886600CB5DCF /* SettingsSection.swift in Sources */,
				15014CFF286C7DA4009DB195 /* AdManagerSpecificAdType.swift in Sources */,
				4DE1FE5027FF58C2002C41BC /* MediationAdType.swift in Sources */,
				4DB9A14C273AF81A0005D1D0 /* DemoViewController.swift in Sources */,
				4DADE25C2739BF9F00E7E766 /* UIColor+Extension.swift in Sources */,
				4D8A3FA92742CA1100201485 /* NSObject+Extension.swift in Sources */,
				4DE1FE4F27FF58C2002C41BC /* MediationViewController.swift in Sources */,
				4DB9A14E273B19C20005D1D0 /* UILabel+Extension.swift in Sources */,
				4DE1FE4E27FF58C2002C41BC /* MediationIntegrationType.swift in Sources */,
				4D901D7F273D982500037C54 /* String+Extension.swift in Sources */,
				4D8A3FAF274306F100201485 /* DemoDataSource.swift in Sources */,
				4D5C7991274C60BE00033307 /* UIImage+Extension.swift in Sources */,
				4D563C432746FD4F00294A7B /* FacebookAdType.swift in Sources */,
				4D563C412746FD3B00294A7B /* AdManagerAdType.swift in Sources */,
				150B4B5828D3E6F7002F233D /* CustomAdContainerView.swift in Sources */,
				4D84B1B82743FFF300CA9CE2 /* GAMViewController.swift in Sources */,
				4D563C452746FD6300294A7B /* DemoItem.swift in Sources */,
				4D5BAE7D273C3CA8009B7F95 /* SettingsCell.swift in Sources */,
			);
			runOnlyForDeploymentPostprocessing = 0;
		};
		96C445E729414A9300DF35B2 /* Sources */ = {
			isa = PBXSourcesBuildPhase;
			buildActionMask = 2147483647;
			files = (
				96C445E829414A9300DF35B2 /* UIViewController+Extension.swift in Sources */,
				96C445E929414A9300DF35B2 /* AppDelegate.swift in Sources */,
				96C445EA29414A9300DF35B2 /* DemoAdCell.swift in Sources */,
				96C445EB29414A9300DF35B2 /* SceneDelegate.swift in Sources */,
				96C445EC29414A9300DF35B2 /* AdManagerSpecificAdViewController.swift in Sources */,
				2052050829CD4D69004D7024 /* APSAds.swift in Sources */,
				96C445ED29414A9300DF35B2 /* TestRenderViewController.swift in Sources */,
				96C445EE29414A9300DF35B2 /* UITableView+Extension.swift in Sources */,
				96C445EF29414A9300DF35B2 /* MainViewController.swift in Sources */,
				96C445F029414A9300DF35B2 /* AdManagerSpecificAdNimbusCell.swift in Sources */,
				96C445F129414A9300DF35B2 /* DemoCell.swift in Sources */,
				96C445F229414A9300DF35B2 /* Setting.swift in Sources */,
				96C445F329414A9300DF35B2 /* ConfigManager.swift in Sources */,
				96C445F429414A9300DF35B2 /* UIFont+Extension.swift in Sources */,
				96C445F529414A9300DF35B2 /* AdViewController.swift in Sources */,
				96C445F629414A9300DF35B2 /* DemoHeader.swift in Sources */,
				96C445F729414A9300DF35B2 /* AdManagerSpecificAdTextCell.swift in Sources */,
				96C445F829414A9300DF35B2 /* SettingsViewController.swift in Sources */,
				96C445F929414A9300DF35B2 /* DemoNavigationController.swift in Sources */,
				96C445FA29414A9300DF35B2 /* DemoRequestInterceptors.swift in Sources */,
				96C445FB29414A9300DF35B2 /* TestRenderAdViewController.swift in Sources */,
				96C445FC29414A9300DF35B2 /* MainItem.swift in Sources */,
				96C445FD29414A9300DF35B2 /* AdDemoViewController.swift in Sources */,
				96C445FE29414A9300DF35B2 /* AdManagerViewController.swift in Sources */,
				96C445FF29414A9300DF35B2 /* SettingsSection.swift in Sources */,
				96C4460029414A9300DF35B2 /* AdManagerSpecificAdType.swift in Sources */,
				96C4460129414A9300DF35B2 /* MediationAdType.swift in Sources */,
				96C4460229414A9300DF35B2 /* DemoViewController.swift in Sources */,
				96C4460329414A9300DF35B2 /* UIColor+Extension.swift in Sources */,
				96C4460429414A9300DF35B2 /* NSObject+Extension.swift in Sources */,
				96C4460529414A9300DF35B2 /* MediationViewController.swift in Sources */,
				96C4460629414A9300DF35B2 /* UILabel+Extension.swift in Sources */,
				96C4460729414A9300DF35B2 /* MediationIntegrationType.swift in Sources */,
				96C4460829414A9300DF35B2 /* String+Extension.swift in Sources */,
				96C4460929414A9300DF35B2 /* DemoDataSource.swift in Sources */,
				96C4460A29414A9300DF35B2 /* UIImage+Extension.swift in Sources */,
				96C4460B29414A9300DF35B2 /* FacebookAdType.swift in Sources */,
				96C4460C29414A9300DF35B2 /* AdManagerAdType.swift in Sources */,
				96C4460D29414A9300DF35B2 /* CustomAdContainerView.swift in Sources */,
				96C4460E29414A9300DF35B2 /* GAMViewController.swift in Sources */,
				96C4460F29414A9300DF35B2 /* DemoItem.swift in Sources */,
				96C4461029414A9300DF35B2 /* SettingsCell.swift in Sources */,
			);
			runOnlyForDeploymentPostprocessing = 0;
		};
/* End PBXSourcesBuildPhase section */

/* Begin PBXVariantGroup section */
		4DADE25027396E0900E7E766 /* LaunchScreen.storyboard */ = {
			isa = PBXVariantGroup;
			children = (
				4DADE25127396E0900E7E766 /* Base */,
			);
			name = LaunchScreen.storyboard;
			sourceTree = "<group>";
		};
/* End PBXVariantGroup section */

/* Begin XCBuildConfiguration section */
		4DADE25427396E0900E7E766 /* Debug */ = {
			isa = XCBuildConfiguration;
			buildSettings = {
				ALWAYS_SEARCH_USER_PATHS = NO;
				CLANG_ANALYZER_NONNULL = YES;
				CLANG_ANALYZER_NUMBER_OBJECT_CONVERSION = YES_AGGRESSIVE;
				CLANG_CXX_LANGUAGE_STANDARD = "gnu++17";
				CLANG_CXX_LIBRARY = "libc++";
				CLANG_ENABLE_MODULES = YES;
				CLANG_ENABLE_OBJC_ARC = YES;
				CLANG_ENABLE_OBJC_WEAK = YES;
				CLANG_WARN_BLOCK_CAPTURE_AUTORELEASING = YES;
				CLANG_WARN_BOOL_CONVERSION = YES;
				CLANG_WARN_COMMA = YES;
				CLANG_WARN_CONSTANT_CONVERSION = YES;
				CLANG_WARN_DEPRECATED_OBJC_IMPLEMENTATIONS = YES;
				CLANG_WARN_DIRECT_OBJC_ISA_USAGE = YES_ERROR;
				CLANG_WARN_DOCUMENTATION_COMMENTS = YES;
				CLANG_WARN_EMPTY_BODY = YES;
				CLANG_WARN_ENUM_CONVERSION = YES;
				CLANG_WARN_INFINITE_RECURSION = YES;
				CLANG_WARN_INT_CONVERSION = YES;
				CLANG_WARN_NON_LITERAL_NULL_CONVERSION = YES;
				CLANG_WARN_OBJC_IMPLICIT_RETAIN_SELF = YES;
				CLANG_WARN_OBJC_LITERAL_CONVERSION = YES;
				CLANG_WARN_OBJC_ROOT_CLASS = YES_ERROR;
				CLANG_WARN_QUOTED_INCLUDE_IN_FRAMEWORK_HEADER = YES;
				CLANG_WARN_RANGE_LOOP_ANALYSIS = YES;
				CLANG_WARN_STRICT_PROTOTYPES = YES;
				CLANG_WARN_SUSPICIOUS_MOVE = YES;
				CLANG_WARN_UNGUARDED_AVAILABILITY = YES_AGGRESSIVE;
				CLANG_WARN_UNREACHABLE_CODE = YES;
				CLANG_WARN__DUPLICATE_METHOD_MATCH = YES;
				COPY_PHASE_STRIP = NO;
				DEBUG_INFORMATION_FORMAT = dwarf;
				ENABLE_STRICT_OBJC_MSGSEND = YES;
				ENABLE_TESTABILITY = YES;
				GCC_C_LANGUAGE_STANDARD = gnu11;
				GCC_DYNAMIC_NO_PIC = NO;
				GCC_NO_COMMON_BLOCKS = YES;
				GCC_OPTIMIZATION_LEVEL = 0;
				GCC_PREPROCESSOR_DEFINITIONS = (
					"DEBUG=1",
					"$(inherited)",
				);
				GCC_WARN_64_TO_32_BIT_CONVERSION = YES;
				GCC_WARN_ABOUT_RETURN_TYPE = YES_ERROR;
				GCC_WARN_UNDECLARED_SELECTOR = YES;
				GCC_WARN_UNINITIALIZED_AUTOS = YES_AGGRESSIVE;
				GCC_WARN_UNUSED_FUNCTION = YES;
				GCC_WARN_UNUSED_VARIABLE = YES;
				IPHONEOS_DEPLOYMENT_TARGET = 15.0;
				MTL_ENABLE_DEBUG_INFO = INCLUDE_SOURCE;
				MTL_FAST_MATH = YES;
				ONLY_ACTIVE_ARCH = YES;
				SDKROOT = iphoneos;
				SWIFT_ACTIVE_COMPILATION_CONDITIONS = DEBUG;
				SWIFT_OPTIMIZATION_LEVEL = "-Onone";
			};
			name = Debug;
		};
		4DADE25527396E0900E7E766 /* Release */ = {
			isa = XCBuildConfiguration;
			buildSettings = {
				ALWAYS_SEARCH_USER_PATHS = NO;
				CLANG_ANALYZER_NONNULL = YES;
				CLANG_ANALYZER_NUMBER_OBJECT_CONVERSION = YES_AGGRESSIVE;
				CLANG_CXX_LANGUAGE_STANDARD = "gnu++17";
				CLANG_CXX_LIBRARY = "libc++";
				CLANG_ENABLE_MODULES = YES;
				CLANG_ENABLE_OBJC_ARC = YES;
				CLANG_ENABLE_OBJC_WEAK = YES;
				CLANG_WARN_BLOCK_CAPTURE_AUTORELEASING = YES;
				CLANG_WARN_BOOL_CONVERSION = YES;
				CLANG_WARN_COMMA = YES;
				CLANG_WARN_CONSTANT_CONVERSION = YES;
				CLANG_WARN_DEPRECATED_OBJC_IMPLEMENTATIONS = YES;
				CLANG_WARN_DIRECT_OBJC_ISA_USAGE = YES_ERROR;
				CLANG_WARN_DOCUMENTATION_COMMENTS = YES;
				CLANG_WARN_EMPTY_BODY = YES;
				CLANG_WARN_ENUM_CONVERSION = YES;
				CLANG_WARN_INFINITE_RECURSION = YES;
				CLANG_WARN_INT_CONVERSION = YES;
				CLANG_WARN_NON_LITERAL_NULL_CONVERSION = YES;
				CLANG_WARN_OBJC_IMPLICIT_RETAIN_SELF = YES;
				CLANG_WARN_OBJC_LITERAL_CONVERSION = YES;
				CLANG_WARN_OBJC_ROOT_CLASS = YES_ERROR;
				CLANG_WARN_QUOTED_INCLUDE_IN_FRAMEWORK_HEADER = YES;
				CLANG_WARN_RANGE_LOOP_ANALYSIS = YES;
				CLANG_WARN_STRICT_PROTOTYPES = YES;
				CLANG_WARN_SUSPICIOUS_MOVE = YES;
				CLANG_WARN_UNGUARDED_AVAILABILITY = YES_AGGRESSIVE;
				CLANG_WARN_UNREACHABLE_CODE = YES;
				CLANG_WARN__DUPLICATE_METHOD_MATCH = YES;
				COPY_PHASE_STRIP = NO;
				DEBUG_INFORMATION_FORMAT = "dwarf-with-dsym";
				ENABLE_NS_ASSERTIONS = NO;
				ENABLE_STRICT_OBJC_MSGSEND = YES;
				GCC_C_LANGUAGE_STANDARD = gnu11;
				GCC_NO_COMMON_BLOCKS = YES;
				GCC_WARN_64_TO_32_BIT_CONVERSION = YES;
				GCC_WARN_ABOUT_RETURN_TYPE = YES_ERROR;
				GCC_WARN_UNDECLARED_SELECTOR = YES;
				GCC_WARN_UNINITIALIZED_AUTOS = YES_AGGRESSIVE;
				GCC_WARN_UNUSED_FUNCTION = YES;
				GCC_WARN_UNUSED_VARIABLE = YES;
				IPHONEOS_DEPLOYMENT_TARGET = 15.0;
				MTL_ENABLE_DEBUG_INFO = NO;
				MTL_FAST_MATH = YES;
				SDKROOT = iphoneos;
				SWIFT_COMPILATION_MODE = wholemodule;
				SWIFT_OPTIMIZATION_LEVEL = "-O";
				VALIDATE_PRODUCT = YES;
			};
			name = Release;
		};
		4DADE25727396E0900E7E766 /* Debug */ = {
			isa = XCBuildConfiguration;
			buildSettings = {
				ASSETCATALOG_COMPILER_APPICON_NAME = AppIcon;
				ASSETCATALOG_COMPILER_GLOBAL_ACCENT_COLOR_NAME = AccentColor;
				CODE_SIGN_STYLE = Automatic;
				CURRENT_PROJECT_VERSION = 79;
				DEVELOPMENT_TEAM = SYMQPHZ6U8;
				ENABLE_BITCODE = NO;
				GENERATE_INFOPLIST_FILE = YES;
				INFOPLIST_FILE = "nimbus-ios-sample/Info.plist";
				INFOPLIST_KEY_CFBundleDisplayName = "Nimbus Sample";
				INFOPLIST_KEY_NSUserTrackingUsageDescription = "This is required for FB and LiveRamp test ads to work";
				INFOPLIST_KEY_UIApplicationSupportsIndirectInputEvents = YES;
				INFOPLIST_KEY_UILaunchStoryboardName = LaunchScreen;
				INFOPLIST_KEY_UISupportedInterfaceOrientations = UIInterfaceOrientationPortrait;
				INFOPLIST_KEY_UISupportedInterfaceOrientations_iPad = "UIInterfaceOrientationPortrait UIInterfaceOrientationPortraitUpsideDown UIInterfaceOrientationLandscapeLeft UIInterfaceOrientationLandscapeRight";
				INFOPLIST_KEY_UISupportedInterfaceOrientations_iPhone = "UIInterfaceOrientationPortrait UIInterfaceOrientationLandscapeLeft UIInterfaceOrientationLandscapeRight";
				LD_RUNPATH_SEARCH_PATHS = (
					"$(inherited)",
					"@executable_path/Frameworks",
				);
				MARKETING_VERSION = 1.0;
				PRODUCT_BUNDLE_IDENTIFIER = com.adsbynimbus.ios.NimbusDemo;
				PRODUCT_NAME = "$(TARGET_NAME)";
				SWIFT_EMIT_LOC_STRINGS = YES;
				SWIFT_VERSION = 5.0;
				TARGETED_DEVICE_FAMILY = "1,2";
			};
			name = Debug;
		};
		4DADE25827396E0900E7E766 /* Release */ = {
			isa = XCBuildConfiguration;
			buildSettings = {
				ASSETCATALOG_COMPILER_APPICON_NAME = AppIcon;
				ASSETCATALOG_COMPILER_GLOBAL_ACCENT_COLOR_NAME = AccentColor;
				CODE_SIGN_IDENTITY = "Apple Development";
				CODE_SIGN_STYLE = Automatic;
				CURRENT_PROJECT_VERSION = 79;
				DEVELOPMENT_TEAM = SYMQPHZ6U8;
				ENABLE_BITCODE = NO;
				GENERATE_INFOPLIST_FILE = YES;
				INFOPLIST_FILE = "nimbus-ios-sample/Info.plist";
				INFOPLIST_KEY_CFBundleDisplayName = "Nimbus Sample";
				INFOPLIST_KEY_NSUserTrackingUsageDescription = "This is required for FB and LiveRamp test ads to work";
				INFOPLIST_KEY_UIApplicationSupportsIndirectInputEvents = YES;
				INFOPLIST_KEY_UILaunchStoryboardName = LaunchScreen;
				INFOPLIST_KEY_UISupportedInterfaceOrientations = UIInterfaceOrientationPortrait;
				INFOPLIST_KEY_UISupportedInterfaceOrientations_iPad = "UIInterfaceOrientationPortrait UIInterfaceOrientationPortraitUpsideDown UIInterfaceOrientationLandscapeLeft UIInterfaceOrientationLandscapeRight";
				INFOPLIST_KEY_UISupportedInterfaceOrientations_iPhone = "UIInterfaceOrientationPortrait UIInterfaceOrientationLandscapeLeft UIInterfaceOrientationLandscapeRight";
				LD_RUNPATH_SEARCH_PATHS = (
					"$(inherited)",
					"@executable_path/Frameworks",
				);
				MARKETING_VERSION = 1.0;
				PRODUCT_BUNDLE_IDENTIFIER = com.adsbynimbus.ios.NimbusDemo;
				PRODUCT_NAME = "$(TARGET_NAME)";
				PROVISIONING_PROFILE_SPECIFIER = "";
				SWIFT_EMIT_LOC_STRINGS = YES;
				SWIFT_VERSION = 5.0;
				TARGETED_DEVICE_FAMILY = "1,2";
			};
			name = Release;
		};
		96C4462529414A9300DF35B2 /* Debug */ = {
			isa = XCBuildConfiguration;
			baseConfigurationReference = B9D00992466C6CB9A09A4C90 /* Pods-nimbus-ios-sample-pods.debug.xcconfig */;
			buildSettings = {
				ASSETCATALOG_COMPILER_APPICON_NAME = AppIcon;
				ASSETCATALOG_COMPILER_GLOBAL_ACCENT_COLOR_NAME = AccentColor;
				CODE_SIGN_STYLE = Automatic;
				CURRENT_PROJECT_VERSION = 79;
				DEVELOPMENT_TEAM = SYMQPHZ6U8;
				ENABLE_BITCODE = NO;
				GENERATE_INFOPLIST_FILE = YES;
				INFOPLIST_FILE = "nimbus-ios-sample/Info.plist";
				INFOPLIST_KEY_CFBundleDisplayName = "Nimbus Sample";
				INFOPLIST_KEY_NSUserTrackingUsageDescription = "This is required for FB and LiveRamp test ads to work";
				INFOPLIST_KEY_UIApplicationSupportsIndirectInputEvents = YES;
				INFOPLIST_KEY_UILaunchStoryboardName = LaunchScreen;
				INFOPLIST_KEY_UISupportedInterfaceOrientations = UIInterfaceOrientationPortrait;
				INFOPLIST_KEY_UISupportedInterfaceOrientations_iPad = "UIInterfaceOrientationPortrait UIInterfaceOrientationPortraitUpsideDown UIInterfaceOrientationLandscapeLeft UIInterfaceOrientationLandscapeRight";
				INFOPLIST_KEY_UISupportedInterfaceOrientations_iPhone = "UIInterfaceOrientationPortrait UIInterfaceOrientationLandscapeLeft UIInterfaceOrientationLandscapeRight";
				LD_RUNPATH_SEARCH_PATHS = (
					"$(inherited)",
					"@executable_path/Frameworks",
				);
				MARKETING_VERSION = 1.0;
				PRODUCT_BUNDLE_IDENTIFIER = com.adsbynimbus.ios.NimbusDemo;
				PRODUCT_NAME = "$(TARGET_NAME)";
				SWIFT_EMIT_LOC_STRINGS = YES;
				SWIFT_VERSION = 5.0;
				TARGETED_DEVICE_FAMILY = "1,2";
			};
			name = Debug;
		};
		96C4462629414A9300DF35B2 /* Release */ = {
			isa = XCBuildConfiguration;
			baseConfigurationReference = F213016D581139F9708AB326 /* Pods-nimbus-ios-sample-pods.release.xcconfig */;
			buildSettings = {
				ASSETCATALOG_COMPILER_APPICON_NAME = AppIcon;
				ASSETCATALOG_COMPILER_GLOBAL_ACCENT_COLOR_NAME = AccentColor;
				CODE_SIGN_IDENTITY = "Apple Development";
				CODE_SIGN_STYLE = Automatic;
				CURRENT_PROJECT_VERSION = 79;
				DEVELOPMENT_TEAM = SYMQPHZ6U8;
				ENABLE_BITCODE = NO;
				GENERATE_INFOPLIST_FILE = YES;
				INFOPLIST_FILE = "nimbus-ios-sample/Info.plist";
				INFOPLIST_KEY_CFBundleDisplayName = "Nimbus Sample";
				INFOPLIST_KEY_NSUserTrackingUsageDescription = "This is required for FB and LiveRamp test ads to work";
				INFOPLIST_KEY_UIApplicationSupportsIndirectInputEvents = YES;
				INFOPLIST_KEY_UILaunchStoryboardName = LaunchScreen;
				INFOPLIST_KEY_UISupportedInterfaceOrientations = UIInterfaceOrientationPortrait;
				INFOPLIST_KEY_UISupportedInterfaceOrientations_iPad = "UIInterfaceOrientationPortrait UIInterfaceOrientationPortraitUpsideDown UIInterfaceOrientationLandscapeLeft UIInterfaceOrientationLandscapeRight";
				INFOPLIST_KEY_UISupportedInterfaceOrientations_iPhone = "UIInterfaceOrientationPortrait UIInterfaceOrientationLandscapeLeft UIInterfaceOrientationLandscapeRight";
				LD_RUNPATH_SEARCH_PATHS = (
					"$(inherited)",
					"@executable_path/Frameworks",
				);
				MARKETING_VERSION = 1.0;
				PRODUCT_BUNDLE_IDENTIFIER = com.adsbynimbus.ios.NimbusDemo;
				PRODUCT_NAME = "$(TARGET_NAME)";
				PROVISIONING_PROFILE_SPECIFIER = "";
				SWIFT_EMIT_LOC_STRINGS = YES;
				SWIFT_VERSION = 5.0;
				TARGETED_DEVICE_FAMILY = "1,2";
			};
			name = Release;
		};
/* End XCBuildConfiguration section */

/* Begin XCConfigurationList section */
		4DADE23D27396E0700E7E766 /* Build configuration list for PBXProject "nimbus-ios-sample" */ = {
			isa = XCConfigurationList;
			buildConfigurations = (
				4DADE25427396E0900E7E766 /* Debug */,
				4DADE25527396E0900E7E766 /* Release */,
			);
			defaultConfigurationIsVisible = 0;
			defaultConfigurationName = Release;
		};
		4DADE25627396E0900E7E766 /* Build configuration list for PBXNativeTarget "nimbus-ios-sample" */ = {
			isa = XCConfigurationList;
			buildConfigurations = (
				4DADE25727396E0900E7E766 /* Debug */,
				4DADE25827396E0900E7E766 /* Release */,
			);
			defaultConfigurationIsVisible = 0;
			defaultConfigurationName = Release;
		};
		96C4462429414A9300DF35B2 /* Build configuration list for PBXNativeTarget "nimbus-ios-sample-pods" */ = {
			isa = XCConfigurationList;
			buildConfigurations = (
				96C4462529414A9300DF35B2 /* Debug */,
				96C4462629414A9300DF35B2 /* Release */,
			);
			defaultConfigurationIsVisible = 0;
			defaultConfigurationName = Release;
		};
/* End XCConfigurationList section */
	};
	rootObject = 4DADE23A27396E0700E7E766 /* Project object */;
}
