// !$*UTF8*$!
{
	archiveVersion = 1;
	classes = {
	};
	objectVersion = 55;
	objects = {

/* Begin PBXBuildFile section */
		150B4B5828D3E6F7002F233D /* CustomAdContainerView.swift in Sources */ = {isa = PBXBuildFile; fileRef = 150B4B5728D3E6F7002F233D /* CustomAdContainerView.swift */; };
		1541C30729F1CFB4007E8852 /* VungleViewController.swift in Sources */ = {isa = PBXBuildFile; fileRef = 1541C30429F1CFB4007E8852 /* VungleViewController.swift */; };
		1541C30A29F1CFDE007E8852 /* ThirdPartyDemandViewController.swift in Sources */ = {isa = PBXBuildFile; fileRef = 1541C30929F1CFDE007E8852 /* ThirdPartyDemandViewController.swift */; };
		1541C30C29F1D2D0007E8852 /* ThirdPartyDemandIntegrationType.swift in Sources */ = {isa = PBXBuildFile; fileRef = 1541C30B29F1D2D0007E8852 /* ThirdPartyDemandIntegrationType.swift */; };
		1541C30E29F1D369007E8852 /* ThirdPartyDemandAdType.swift in Sources */ = {isa = PBXBuildFile; fileRef = 1541C30D29F1D369007E8852 /* ThirdPartyDemandAdType.swift */; };
		2013D50F279087F500CB5DCF /* MainItem.swift in Sources */ = {isa = PBXBuildFile; fileRef = 2013D50E279087F500CB5DCF /* MainItem.swift */; };
		2013D5112790886600CB5DCF /* SettingsSection.swift in Sources */ = {isa = PBXBuildFile; fileRef = 2013D5102790886600CB5DCF /* SettingsSection.swift */; };
		20BE3FB329E47A9C00E1A662 /* NimbusFANKit in Frameworks */ = {isa = PBXBuildFile; productRef = 962B1C06299E917B001BF3B7 /* NimbusFANKit */; };
		20BE3FB429E47B6200E1A662 /* APSAds.swift in Sources */ = {isa = PBXBuildFile; fileRef = 2052050629CD4D5E004D7024 /* APSAds.swift */; };
		20BE3FBB29E47D8500E1A662 /* NimbusGAMKit in Frameworks */ = {isa = PBXBuildFile; productRef = 20BE3FBA29E47D8500E1A662 /* NimbusGAMKit */; };
		20BE3FBD29E47D8500E1A662 /* NimbusKit in Frameworks */ = {isa = PBXBuildFile; productRef = 20BE3FBC29E47D8500E1A662 /* NimbusKit */; };
		20BE3FBF29E47D8500E1A662 /* NimbusLiveRampKit in Frameworks */ = {isa = PBXBuildFile; productRef = 20BE3FBE29E47D8500E1A662 /* NimbusLiveRampKit */; };
		20BE3FC129E47D8500E1A662 /* NimbusRenderKit in Frameworks */ = {isa = PBXBuildFile; productRef = 20BE3FC029E47D8500E1A662 /* NimbusRenderKit */; };
		20BE3FC329E47D8500E1A662 /* NimbusRenderStaticKit in Frameworks */ = {isa = PBXBuildFile; productRef = 20BE3FC229E47D8500E1A662 /* NimbusRenderStaticKit */; };
		20BE3FC529E47D8500E1A662 /* NimbusRenderVideoKit in Frameworks */ = {isa = PBXBuildFile; productRef = 20BE3FC429E47D8500E1A662 /* NimbusRenderVideoKit */; };
		20BE3FC729E47D8500E1A662 /* NimbusRequestAPSKit in Frameworks */ = {isa = PBXBuildFile; productRef = 20BE3FC629E47D8500E1A662 /* NimbusRequestAPSKit */; };
		20BE3FC929E47D8500E1A662 /* NimbusRequestKit in Frameworks */ = {isa = PBXBuildFile; productRef = 20BE3FC829E47D8500E1A662 /* NimbusRequestKit */; };
		20BE3FCB29E47D8500E1A662 /* NimbusUnityKit in Frameworks */ = {isa = PBXBuildFile; productRef = 20BE3FCA29E47D8500E1A662 /* NimbusUnityKit */; };
		4D07F6672A041F7000E2B094 /* Setting.swift in Sources */ = {isa = PBXBuildFile; fileRef = 4D5BAE80273C6A16009B7F95 /* Setting.swift */; };
		4D07F66E2A043B2500E2B094 /* ThirdPartyDemandViewController.swift in Sources */ = {isa = PBXBuildFile; fileRef = 1541C30929F1CFDE007E8852 /* ThirdPartyDemandViewController.swift */; };
		4D07F66F2A043B2800E2B094 /* ThirdPartyDemandIntegrationType.swift in Sources */ = {isa = PBXBuildFile; fileRef = 1541C30B29F1D2D0007E8852 /* ThirdPartyDemandIntegrationType.swift */; };
		4D07F6702A043B2B00E2B094 /* ThirdPartyDemandAdType.swift in Sources */ = {isa = PBXBuildFile; fileRef = 1541C30D29F1D369007E8852 /* ThirdPartyDemandAdType.swift */; };
		4D07F6712A043B2E00E2B094 /* APSAds.swift in Sources */ = {isa = PBXBuildFile; fileRef = 2052050629CD4D5E004D7024 /* APSAds.swift */; };
		4D07F6722A043B3100E2B094 /* APSViewController.swift in Sources */ = {isa = PBXBuildFile; fileRef = 4DEA6B102A016F7F003E6A20 /* APSViewController.swift */; };
		4D07F6732A043B3400E2B094 /* FANViewController.swift in Sources */ = {isa = PBXBuildFile; fileRef = 4DC70F7A2A002CEF0037E424 /* FANViewController.swift */; };
		4D07F6742A043B4500E2B094 /* UnityViewController.swift in Sources */ = {isa = PBXBuildFile; fileRef = 4DEA6B122A016F8F003E6A20 /* UnityViewController.swift */; };
		4D07F6752A043B4800E2B094 /* VungleViewController.swift in Sources */ = {isa = PBXBuildFile; fileRef = 1541C30429F1CFB4007E8852 /* VungleViewController.swift */; };
		4D082DF029CCA1100083DF6F /* GoogleMobileAds in Frameworks */ = {isa = PBXBuildFile; productRef = 4D082DEF29CCA1100083DF6F /* GoogleMobileAds */; };
		4D0AA887279F3FE100CD2F7C /* DemoRequestInterceptors.swift in Sources */ = {isa = PBXBuildFile; fileRef = 4D0AA886279F3FE100CD2F7C /* DemoRequestInterceptors.swift */; };
		4D563C412746FD3B00294A7B /* AdManagerAdType.swift in Sources */ = {isa = PBXBuildFile; fileRef = 4D563C402746FD3B00294A7B /* AdManagerAdType.swift */; };
		4D563C452746FD6300294A7B /* DemoItem.swift in Sources */ = {isa = PBXBuildFile; fileRef = 4D563C442746FD6300294A7B /* DemoItem.swift */; };
		4D5BAE7B273C362B009B7F95 /* SettingsViewController.swift in Sources */ = {isa = PBXBuildFile; fileRef = 4D5BAE7A273C362B009B7F95 /* SettingsViewController.swift */; };
		4D5BAE7D273C3CA8009B7F95 /* SettingsCell.swift in Sources */ = {isa = PBXBuildFile; fileRef = 4D5BAE7C273C3CA8009B7F95 /* SettingsCell.swift */; };
		4D5BAE7F273C5E9F009B7F95 /* DemoHeader.swift in Sources */ = {isa = PBXBuildFile; fileRef = 4D5BAE7E273C5E9F009B7F95 /* DemoHeader.swift */; };
		4D5BAE81273C6A16009B7F95 /* Setting.swift in Sources */ = {isa = PBXBuildFile; fileRef = 4D5BAE80273C6A16009B7F95 /* Setting.swift */; };
		4D5C798B274C184000033307 /* TestRenderViewController.swift in Sources */ = {isa = PBXBuildFile; fileRef = 4D5C798A274C184000033307 /* TestRenderViewController.swift */; };
		4D5C798D274C259A00033307 /* TestRenderAdViewController.swift in Sources */ = {isa = PBXBuildFile; fileRef = 4D5C798C274C259A00033307 /* TestRenderAdViewController.swift */; };
		4D5C798F274C290E00033307 /* UIViewController+Extension.swift in Sources */ = {isa = PBXBuildFile; fileRef = 4D5C798E274C290E00033307 /* UIViewController+Extension.swift */; };
		4D5C7991274C60BE00033307 /* UIImage+Extension.swift in Sources */ = {isa = PBXBuildFile; fileRef = 4D5C7990274C60BE00033307 /* UIImage+Extension.swift */; };
		4D84B1B82743FFF300CA9CE2 /* GAMViewController.swift in Sources */ = {isa = PBXBuildFile; fileRef = 4D84B1B72743FFF300CA9CE2 /* GAMViewController.swift */; };
		4D8A3FA92742CA1100201485 /* NSObject+Extension.swift in Sources */ = {isa = PBXBuildFile; fileRef = 4D8A3FA82742CA1100201485 /* NSObject+Extension.swift */; };
		4D8A3FAB2742CAC700201485 /* UITableView+Extension.swift in Sources */ = {isa = PBXBuildFile; fileRef = 4D8A3FAA2742CAC700201485 /* UITableView+Extension.swift */; };
		4D8A3FAF274306F100201485 /* DemoDataSource.swift in Sources */ = {isa = PBXBuildFile; fileRef = 4D8A3FAE274306F100201485 /* DemoDataSource.swift */; };
		4D901D7D273D936E00037C54 /* AdDemoViewController.swift in Sources */ = {isa = PBXBuildFile; fileRef = 4D901D7C273D936E00037C54 /* AdDemoViewController.swift */; };
		4D901D7F273D982500037C54 /* String+Extension.swift in Sources */ = {isa = PBXBuildFile; fileRef = 4D901D7E273D982500037C54 /* String+Extension.swift */; };
		4D901D81273DAFD400037C54 /* AdManagerViewController.swift in Sources */ = {isa = PBXBuildFile; fileRef = 4D901D80273DAFD400037C54 /* AdManagerViewController.swift */; };
		4D901D83273DC28500037C54 /* AdViewController.swift in Sources */ = {isa = PBXBuildFile; fileRef = 4D901D82273DC28500037C54 /* AdViewController.swift */; };
		4D901D86273DC8CD00037C54 /* ConfigManager.swift in Sources */ = {isa = PBXBuildFile; fileRef = 4D901D85273DC8CD00037C54 /* ConfigManager.swift */; };
		4D901D8A273DCC7100037C54 /* secrets.json in Resources */ = {isa = PBXBuildFile; fileRef = 4D901D88273DCC7100037C54 /* secrets.json */; };
		4DADE24627396E0700E7E766 /* AppDelegate.swift in Sources */ = {isa = PBXBuildFile; fileRef = 4DADE24527396E0700E7E766 /* AppDelegate.swift */; };
		4DADE24827396E0700E7E766 /* SceneDelegate.swift in Sources */ = {isa = PBXBuildFile; fileRef = 4DADE24727396E0700E7E766 /* SceneDelegate.swift */; };
		4DADE24F27396E0900E7E766 /* Assets.xcassets in Resources */ = {isa = PBXBuildFile; fileRef = 4DADE24E27396E0900E7E766 /* Assets.xcassets */; };
		4DADE25A273993D600E7E766 /* MainViewController.swift in Sources */ = {isa = PBXBuildFile; fileRef = 4DADE259273993D600E7E766 /* MainViewController.swift */; };
		4DADE25C2739BF9F00E7E766 /* UIColor+Extension.swift in Sources */ = {isa = PBXBuildFile; fileRef = 4DADE25B2739BF9F00E7E766 /* UIColor+Extension.swift */; };
		4DB9A143273AE5240005D1D0 /* UIFont+Extension.swift in Sources */ = {isa = PBXBuildFile; fileRef = 4DB9A142273AE5240005D1D0 /* UIFont+Extension.swift */; };
		4DB9A146273AE8550005D1D0 /* ProximaNova-Semibold.otf in Resources */ = {isa = PBXBuildFile; fileRef = 4DB9A13E273AE4A70005D1D0 /* ProximaNova-Semibold.otf */; };
		4DB9A148273AE95A0005D1D0 /* DemoCell.swift in Sources */ = {isa = PBXBuildFile; fileRef = 4DB9A147273AE95A0005D1D0 /* DemoCell.swift */; };
		4DB9A14A273AF8040005D1D0 /* DemoNavigationController.swift in Sources */ = {isa = PBXBuildFile; fileRef = 4DB9A149273AF8040005D1D0 /* DemoNavigationController.swift */; };
		4DB9A14C273AF81A0005D1D0 /* DemoViewController.swift in Sources */ = {isa = PBXBuildFile; fileRef = 4DB9A14B273AF81A0005D1D0 /* DemoViewController.swift */; };
		4DB9A14E273B19C20005D1D0 /* UILabel+Extension.swift in Sources */ = {isa = PBXBuildFile; fileRef = 4DB9A14D273B19C20005D1D0 /* UILabel+Extension.swift */; };
		4DC70F762A0003B80037E424 /* NimbusVungleKit in Frameworks */ = {isa = PBXBuildFile; productRef = 4DC70F752A0003B80037E424 /* NimbusVungleKit */; };
		4DC70F7B2A002CEF0037E424 /* FANViewController.swift in Sources */ = {isa = PBXBuildFile; fileRef = 4DC70F7A2A002CEF0037E424 /* FANViewController.swift */; };
		4DE1FE4E27FF58C2002C41BC /* MediationIntegrationType.swift in Sources */ = {isa = PBXBuildFile; fileRef = 4DE1FE4B27FF58C2002C41BC /* MediationIntegrationType.swift */; };
		4DE1FE4F27FF58C2002C41BC /* MediationViewController.swift in Sources */ = {isa = PBXBuildFile; fileRef = 4DE1FE4C27FF58C2002C41BC /* MediationViewController.swift */; };
		4DE1FE5027FF58C2002C41BC /* MediationAdType.swift in Sources */ = {isa = PBXBuildFile; fileRef = 4DE1FE4D27FF58C2002C41BC /* MediationAdType.swift */; };
		4DEA6B112A016F7F003E6A20 /* APSViewController.swift in Sources */ = {isa = PBXBuildFile; fileRef = 4DEA6B102A016F7F003E6A20 /* APSViewController.swift */; };
		4DEA6B132A016F8F003E6A20 /* UnityViewController.swift in Sources */ = {isa = PBXBuildFile; fileRef = 4DEA6B122A016F8F003E6A20 /* UnityViewController.swift */; };
		965B675A2A21147E007FC135 /* ProximaNova-Bold.otf in Resources */ = {isa = PBXBuildFile; fileRef = 965B67582A21147E007FC135 /* ProximaNova-Bold.otf */; };
		965B675C2A21147E007FC135 /* ProximaNova-Regular.otf in Resources */ = {isa = PBXBuildFile; fileRef = 965B67592A21147E007FC135 /* ProximaNova-Regular.otf */; };
		965B675E2A2114F8007FC135 /* ProximaNova-Bold.otf in Resources */ = {isa = PBXBuildFile; fileRef = 965B67582A21147E007FC135 /* ProximaNova-Bold.otf */; };
		965B675F2A2114F8007FC135 /* ProximaNova-Regular.otf in Resources */ = {isa = PBXBuildFile; fileRef = 965B67592A21147E007FC135 /* ProximaNova-Regular.otf */; };
		965B67602A2114F8007FC135 /* ProximaNova-Semibold.otf in Resources */ = {isa = PBXBuildFile; fileRef = 4DB9A13E273AE4A70005D1D0 /* ProximaNova-Semibold.otf */; };
		96BFE1E12A0965600030964D /* UIView+Extension.swift in Sources */ = {isa = PBXBuildFile; fileRef = 96BFE1E02A0965600030964D /* UIView+Extension.swift */; };
		96BFE1E22A0965600030964D /* UIView+Extension.swift in Sources */ = {isa = PBXBuildFile; fileRef = 96BFE1E02A0965600030964D /* UIView+Extension.swift */; };
		96C445E829414A9300DF35B2 /* UIViewController+Extension.swift in Sources */ = {isa = PBXBuildFile; fileRef = 4D5C798E274C290E00033307 /* UIViewController+Extension.swift */; };
		96C445E929414A9300DF35B2 /* AppDelegate.swift in Sources */ = {isa = PBXBuildFile; fileRef = 4DADE24527396E0700E7E766 /* AppDelegate.swift */; };
		96C445EB29414A9300DF35B2 /* SceneDelegate.swift in Sources */ = {isa = PBXBuildFile; fileRef = 4DADE24727396E0700E7E766 /* SceneDelegate.swift */; };
		96C445ED29414A9300DF35B2 /* TestRenderViewController.swift in Sources */ = {isa = PBXBuildFile; fileRef = 4D5C798A274C184000033307 /* TestRenderViewController.swift */; };
		96C445EE29414A9300DF35B2 /* UITableView+Extension.swift in Sources */ = {isa = PBXBuildFile; fileRef = 4D8A3FAA2742CAC700201485 /* UITableView+Extension.swift */; };
		96C445EF29414A9300DF35B2 /* MainViewController.swift in Sources */ = {isa = PBXBuildFile; fileRef = 4DADE259273993D600E7E766 /* MainViewController.swift */; };
		96C445F129414A9300DF35B2 /* DemoCell.swift in Sources */ = {isa = PBXBuildFile; fileRef = 4DB9A147273AE95A0005D1D0 /* DemoCell.swift */; };
		96C445F329414A9300DF35B2 /* ConfigManager.swift in Sources */ = {isa = PBXBuildFile; fileRef = 4D901D85273DC8CD00037C54 /* ConfigManager.swift */; };
		96C445F429414A9300DF35B2 /* UIFont+Extension.swift in Sources */ = {isa = PBXBuildFile; fileRef = 4DB9A142273AE5240005D1D0 /* UIFont+Extension.swift */; };
		96C445F529414A9300DF35B2 /* AdViewController.swift in Sources */ = {isa = PBXBuildFile; fileRef = 4D901D82273DC28500037C54 /* AdViewController.swift */; };
		96C445F629414A9300DF35B2 /* DemoHeader.swift in Sources */ = {isa = PBXBuildFile; fileRef = 4D5BAE7E273C5E9F009B7F95 /* DemoHeader.swift */; };
		96C445F829414A9300DF35B2 /* SettingsViewController.swift in Sources */ = {isa = PBXBuildFile; fileRef = 4D5BAE7A273C362B009B7F95 /* SettingsViewController.swift */; };
		96C445F929414A9300DF35B2 /* DemoNavigationController.swift in Sources */ = {isa = PBXBuildFile; fileRef = 4DB9A149273AF8040005D1D0 /* DemoNavigationController.swift */; };
		96C445FA29414A9300DF35B2 /* DemoRequestInterceptors.swift in Sources */ = {isa = PBXBuildFile; fileRef = 4D0AA886279F3FE100CD2F7C /* DemoRequestInterceptors.swift */; };
		96C445FB29414A9300DF35B2 /* TestRenderAdViewController.swift in Sources */ = {isa = PBXBuildFile; fileRef = 4D5C798C274C259A00033307 /* TestRenderAdViewController.swift */; };
		96C445FC29414A9300DF35B2 /* MainItem.swift in Sources */ = {isa = PBXBuildFile; fileRef = 2013D50E279087F500CB5DCF /* MainItem.swift */; };
		96C445FD29414A9300DF35B2 /* AdDemoViewController.swift in Sources */ = {isa = PBXBuildFile; fileRef = 4D901D7C273D936E00037C54 /* AdDemoViewController.swift */; };
		96C445FE29414A9300DF35B2 /* AdManagerViewController.swift in Sources */ = {isa = PBXBuildFile; fileRef = 4D901D80273DAFD400037C54 /* AdManagerViewController.swift */; };
		96C445FF29414A9300DF35B2 /* SettingsSection.swift in Sources */ = {isa = PBXBuildFile; fileRef = 2013D5102790886600CB5DCF /* SettingsSection.swift */; };
		96C4460129414A9300DF35B2 /* MediationAdType.swift in Sources */ = {isa = PBXBuildFile; fileRef = 4DE1FE4D27FF58C2002C41BC /* MediationAdType.swift */; };
		96C4460229414A9300DF35B2 /* DemoViewController.swift in Sources */ = {isa = PBXBuildFile; fileRef = 4DB9A14B273AF81A0005D1D0 /* DemoViewController.swift */; };
		96C4460329414A9300DF35B2 /* UIColor+Extension.swift in Sources */ = {isa = PBXBuildFile; fileRef = 4DADE25B2739BF9F00E7E766 /* UIColor+Extension.swift */; };
		96C4460429414A9300DF35B2 /* NSObject+Extension.swift in Sources */ = {isa = PBXBuildFile; fileRef = 4D8A3FA82742CA1100201485 /* NSObject+Extension.swift */; };
		96C4460529414A9300DF35B2 /* MediationViewController.swift in Sources */ = {isa = PBXBuildFile; fileRef = 4DE1FE4C27FF58C2002C41BC /* MediationViewController.swift */; };
		96C4460629414A9300DF35B2 /* UILabel+Extension.swift in Sources */ = {isa = PBXBuildFile; fileRef = 4DB9A14D273B19C20005D1D0 /* UILabel+Extension.swift */; };
		96C4460729414A9300DF35B2 /* MediationIntegrationType.swift in Sources */ = {isa = PBXBuildFile; fileRef = 4DE1FE4B27FF58C2002C41BC /* MediationIntegrationType.swift */; };
		96C4460829414A9300DF35B2 /* String+Extension.swift in Sources */ = {isa = PBXBuildFile; fileRef = 4D901D7E273D982500037C54 /* String+Extension.swift */; };
		96C4460929414A9300DF35B2 /* DemoDataSource.swift in Sources */ = {isa = PBXBuildFile; fileRef = 4D8A3FAE274306F100201485 /* DemoDataSource.swift */; };
		96C4460A29414A9300DF35B2 /* UIImage+Extension.swift in Sources */ = {isa = PBXBuildFile; fileRef = 4D5C7990274C60BE00033307 /* UIImage+Extension.swift */; };
		96C4460C29414A9300DF35B2 /* AdManagerAdType.swift in Sources */ = {isa = PBXBuildFile; fileRef = 4D563C402746FD3B00294A7B /* AdManagerAdType.swift */; };
		96C4460D29414A9300DF35B2 /* CustomAdContainerView.swift in Sources */ = {isa = PBXBuildFile; fileRef = 150B4B5728D3E6F7002F233D /* CustomAdContainerView.swift */; };
		96C4460E29414A9300DF35B2 /* GAMViewController.swift in Sources */ = {isa = PBXBuildFile; fileRef = 4D84B1B72743FFF300CA9CE2 /* GAMViewController.swift */; };
		96C4460F29414A9300DF35B2 /* DemoItem.swift in Sources */ = {isa = PBXBuildFile; fileRef = 4D563C442746FD6300294A7B /* DemoItem.swift */; };
		96C4461029414A9300DF35B2 /* SettingsCell.swift in Sources */ = {isa = PBXBuildFile; fileRef = 4D5BAE7C273C3CA8009B7F95 /* SettingsCell.swift */; };
		96C4461F29414A9300DF35B2 /* Assets.xcassets in Resources */ = {isa = PBXBuildFile; fileRef = 4DADE24E27396E0900E7E766 /* Assets.xcassets */; };
		96C4462329414A9300DF35B2 /* secrets.json in Resources */ = {isa = PBXBuildFile; fileRef = 4D901D88273DCC7100037C54 /* secrets.json */; };
/* End PBXBuildFile section */

/* Begin PBXFileReference section */
		150B4B5728D3E6F7002F233D /* CustomAdContainerView.swift */ = {isa = PBXFileReference; fileEncoding = 4; lastKnownFileType = sourcecode.swift; path = CustomAdContainerView.swift; sourceTree = "<group>"; };
		1541C30429F1CFB4007E8852 /* VungleViewController.swift */ = {isa = PBXFileReference; fileEncoding = 4; lastKnownFileType = sourcecode.swift; path = VungleViewController.swift; sourceTree = "<group>"; };
		1541C30929F1CFDE007E8852 /* ThirdPartyDemandViewController.swift */ = {isa = PBXFileReference; lastKnownFileType = sourcecode.swift; path = ThirdPartyDemandViewController.swift; sourceTree = "<group>"; };
		1541C30B29F1D2D0007E8852 /* ThirdPartyDemandIntegrationType.swift */ = {isa = PBXFileReference; lastKnownFileType = sourcecode.swift; path = ThirdPartyDemandIntegrationType.swift; sourceTree = "<group>"; };
		1541C30D29F1D369007E8852 /* ThirdPartyDemandAdType.swift */ = {isa = PBXFileReference; lastKnownFileType = sourcecode.swift; path = ThirdPartyDemandAdType.swift; sourceTree = "<group>"; };
		2013D50E279087F500CB5DCF /* MainItem.swift */ = {isa = PBXFileReference; lastKnownFileType = sourcecode.swift; path = MainItem.swift; sourceTree = "<group>"; };
		2013D5102790886600CB5DCF /* SettingsSection.swift */ = {isa = PBXFileReference; lastKnownFileType = sourcecode.swift; path = SettingsSection.swift; sourceTree = "<group>"; };
		2052050629CD4D5E004D7024 /* APSAds.swift */ = {isa = PBXFileReference; fileEncoding = 4; lastKnownFileType = sourcecode.swift; path = APSAds.swift; sourceTree = "<group>"; };
		4D0AA886279F3FE100CD2F7C /* DemoRequestInterceptors.swift */ = {isa = PBXFileReference; lastKnownFileType = sourcecode.swift; path = DemoRequestInterceptors.swift; sourceTree = "<group>"; };
		4D563C402746FD3B00294A7B /* AdManagerAdType.swift */ = {isa = PBXFileReference; lastKnownFileType = sourcecode.swift; path = AdManagerAdType.swift; sourceTree = "<group>"; };
		4D563C442746FD6300294A7B /* DemoItem.swift */ = {isa = PBXFileReference; lastKnownFileType = sourcecode.swift; path = DemoItem.swift; sourceTree = "<group>"; };
		4D5BAE7A273C362B009B7F95 /* SettingsViewController.swift */ = {isa = PBXFileReference; lastKnownFileType = sourcecode.swift; path = SettingsViewController.swift; sourceTree = "<group>"; };
		4D5BAE7C273C3CA8009B7F95 /* SettingsCell.swift */ = {isa = PBXFileReference; lastKnownFileType = sourcecode.swift; path = SettingsCell.swift; sourceTree = "<group>"; };
		4D5BAE7E273C5E9F009B7F95 /* DemoHeader.swift */ = {isa = PBXFileReference; lastKnownFileType = sourcecode.swift; path = DemoHeader.swift; sourceTree = "<group>"; };
		4D5BAE80273C6A16009B7F95 /* Setting.swift */ = {isa = PBXFileReference; lastKnownFileType = sourcecode.swift; path = Setting.swift; sourceTree = "<group>"; };
		4D5C798A274C184000033307 /* TestRenderViewController.swift */ = {isa = PBXFileReference; lastKnownFileType = sourcecode.swift; path = TestRenderViewController.swift; sourceTree = "<group>"; };
		4D5C798C274C259A00033307 /* TestRenderAdViewController.swift */ = {isa = PBXFileReference; lastKnownFileType = sourcecode.swift; path = TestRenderAdViewController.swift; sourceTree = "<group>"; };
		4D5C798E274C290E00033307 /* UIViewController+Extension.swift */ = {isa = PBXFileReference; lastKnownFileType = sourcecode.swift; path = "UIViewController+Extension.swift"; sourceTree = "<group>"; };
		4D5C7990274C60BE00033307 /* UIImage+Extension.swift */ = {isa = PBXFileReference; lastKnownFileType = sourcecode.swift; path = "UIImage+Extension.swift"; sourceTree = "<group>"; };
		4D84B1B72743FFF300CA9CE2 /* GAMViewController.swift */ = {isa = PBXFileReference; lastKnownFileType = sourcecode.swift; path = GAMViewController.swift; sourceTree = "<group>"; };
		4D8A3FA82742CA1100201485 /* NSObject+Extension.swift */ = {isa = PBXFileReference; lastKnownFileType = sourcecode.swift; path = "NSObject+Extension.swift"; sourceTree = "<group>"; };
		4D8A3FAA2742CAC700201485 /* UITableView+Extension.swift */ = {isa = PBXFileReference; lastKnownFileType = sourcecode.swift; path = "UITableView+Extension.swift"; sourceTree = "<group>"; };
		4D8A3FAE274306F100201485 /* DemoDataSource.swift */ = {isa = PBXFileReference; lastKnownFileType = sourcecode.swift; path = DemoDataSource.swift; sourceTree = "<group>"; };
		4D901D7C273D936E00037C54 /* AdDemoViewController.swift */ = {isa = PBXFileReference; lastKnownFileType = sourcecode.swift; path = AdDemoViewController.swift; sourceTree = "<group>"; };
		4D901D7E273D982500037C54 /* String+Extension.swift */ = {isa = PBXFileReference; lastKnownFileType = sourcecode.swift; path = "String+Extension.swift"; sourceTree = "<group>"; };
		4D901D80273DAFD400037C54 /* AdManagerViewController.swift */ = {isa = PBXFileReference; lastKnownFileType = sourcecode.swift; path = AdManagerViewController.swift; sourceTree = "<group>"; };
		4D901D82273DC28500037C54 /* AdViewController.swift */ = {isa = PBXFileReference; lastKnownFileType = sourcecode.swift; path = AdViewController.swift; sourceTree = "<group>"; };
		4D901D85273DC8CD00037C54 /* ConfigManager.swift */ = {isa = PBXFileReference; lastKnownFileType = sourcecode.swift; path = ConfigManager.swift; sourceTree = "<group>"; };
		4D901D88273DCC7100037C54 /* secrets.json */ = {isa = PBXFileReference; fileEncoding = 4; lastKnownFileType = text.json; path = secrets.json; sourceTree = "<group>"; };
		4DADE24227396E0700E7E766 /* nimbus-ios-sample.app */ = {isa = PBXFileReference; explicitFileType = wrapper.application; includeInIndex = 0; path = "nimbus-ios-sample.app"; sourceTree = BUILT_PRODUCTS_DIR; };
		4DADE24527396E0700E7E766 /* AppDelegate.swift */ = {isa = PBXFileReference; lastKnownFileType = sourcecode.swift; path = AppDelegate.swift; sourceTree = "<group>"; };
		4DADE24727396E0700E7E766 /* SceneDelegate.swift */ = {isa = PBXFileReference; lastKnownFileType = sourcecode.swift; path = SceneDelegate.swift; sourceTree = "<group>"; };
		4DADE24E27396E0900E7E766 /* Assets.xcassets */ = {isa = PBXFileReference; lastKnownFileType = folder.assetcatalog; path = Assets.xcassets; sourceTree = "<group>"; };
		4DADE25327396E0900E7E766 /* Info.plist */ = {isa = PBXFileReference; lastKnownFileType = text.plist.xml; path = Info.plist; sourceTree = "<group>"; };
		4DADE259273993D600E7E766 /* MainViewController.swift */ = {isa = PBXFileReference; lastKnownFileType = sourcecode.swift; path = MainViewController.swift; sourceTree = "<group>"; };
		4DADE25B2739BF9F00E7E766 /* UIColor+Extension.swift */ = {isa = PBXFileReference; lastKnownFileType = sourcecode.swift; path = "UIColor+Extension.swift"; sourceTree = "<group>"; };
		4DB9A13E273AE4A70005D1D0 /* ProximaNova-Semibold.otf */ = {isa = PBXFileReference; lastKnownFileType = file; path = "ProximaNova-Semibold.otf"; sourceTree = "<group>"; };
		4DB9A142273AE5240005D1D0 /* UIFont+Extension.swift */ = {isa = PBXFileReference; lastKnownFileType = sourcecode.swift; path = "UIFont+Extension.swift"; sourceTree = "<group>"; };
		4DB9A147273AE95A0005D1D0 /* DemoCell.swift */ = {isa = PBXFileReference; lastKnownFileType = sourcecode.swift; path = DemoCell.swift; sourceTree = "<group>"; };
		4DB9A149273AF8040005D1D0 /* DemoNavigationController.swift */ = {isa = PBXFileReference; lastKnownFileType = sourcecode.swift; path = DemoNavigationController.swift; sourceTree = "<group>"; };
		4DB9A14B273AF81A0005D1D0 /* DemoViewController.swift */ = {isa = PBXFileReference; lastKnownFileType = sourcecode.swift; path = DemoViewController.swift; sourceTree = "<group>"; };
		4DB9A14D273B19C20005D1D0 /* UILabel+Extension.swift */ = {isa = PBXFileReference; lastKnownFileType = sourcecode.swift; path = "UILabel+Extension.swift"; sourceTree = "<group>"; };
		4DC70F7A2A002CEF0037E424 /* FANViewController.swift */ = {isa = PBXFileReference; lastKnownFileType = sourcecode.swift; path = FANViewController.swift; sourceTree = "<group>"; };
		4DE1FE4B27FF58C2002C41BC /* MediationIntegrationType.swift */ = {isa = PBXFileReference; fileEncoding = 4; lastKnownFileType = sourcecode.swift; path = MediationIntegrationType.swift; sourceTree = "<group>"; };
		4DE1FE4C27FF58C2002C41BC /* MediationViewController.swift */ = {isa = PBXFileReference; fileEncoding = 4; lastKnownFileType = sourcecode.swift; path = MediationViewController.swift; sourceTree = "<group>"; };
		4DE1FE4D27FF58C2002C41BC /* MediationAdType.swift */ = {isa = PBXFileReference; fileEncoding = 4; lastKnownFileType = sourcecode.swift; path = MediationAdType.swift; sourceTree = "<group>"; };
		4DEA6B102A016F7F003E6A20 /* APSViewController.swift */ = {isa = PBXFileReference; lastKnownFileType = sourcecode.swift; path = APSViewController.swift; sourceTree = "<group>"; };
		4DEA6B122A016F8F003E6A20 /* UnityViewController.swift */ = {isa = PBXFileReference; lastKnownFileType = sourcecode.swift; path = UnityViewController.swift; sourceTree = "<group>"; };
		965B67582A21147E007FC135 /* ProximaNova-Bold.otf */ = {isa = PBXFileReference; lastKnownFileType = file; path = "ProximaNova-Bold.otf"; sourceTree = "<group>"; };
		965B67592A21147E007FC135 /* ProximaNova-Regular.otf */ = {isa = PBXFileReference; lastKnownFileType = file; path = "ProximaNova-Regular.otf"; sourceTree = "<group>"; };
		96BFE1E02A0965600030964D /* UIView+Extension.swift */ = {isa = PBXFileReference; lastKnownFileType = sourcecode.swift; path = "UIView+Extension.swift"; sourceTree = "<group>"; };
		96C4462729414A9300DF35B2 /* nimbus-ios-sample-pods.app */ = {isa = PBXFileReference; explicitFileType = wrapper.application; includeInIndex = 0; path = "nimbus-ios-sample-pods.app"; sourceTree = BUILT_PRODUCTS_DIR; };
/* End PBXFileReference section */

/* Begin PBXFrameworksBuildPhase section */
		4DADE23F27396E0700E7E766 /* Frameworks */ = {
			isa = PBXFrameworksBuildPhase;
			buildActionMask = 2147483647;
			files = (
				20BE3FB329E47A9C00E1A662 /* NimbusFANKit in Frameworks */,
				20BE3FC929E47D8500E1A662 /* NimbusRequestKit in Frameworks */,
				4DC70F762A0003B80037E424 /* NimbusVungleKit in Frameworks */,
				20BE3FC529E47D8500E1A662 /* NimbusRenderVideoKit in Frameworks */,
				20BE3FCB29E47D8500E1A662 /* NimbusUnityKit in Frameworks */,
				20BE3FC729E47D8500E1A662 /* NimbusRequestAPSKit in Frameworks */,
				4D082DF029CCA1100083DF6F /* GoogleMobileAds in Frameworks */,
				20BE3FBB29E47D8500E1A662 /* NimbusGAMKit in Frameworks */,
				20BE3FC129E47D8500E1A662 /* NimbusRenderKit in Frameworks */,
				20BE3FBD29E47D8500E1A662 /* NimbusKit in Frameworks */,
				20BE3FBF29E47D8500E1A662 /* NimbusLiveRampKit in Frameworks */,
				20BE3FC329E47D8500E1A662 /* NimbusRenderStaticKit in Frameworks */,
			);
			runOnlyForDeploymentPostprocessing = 0;
		};
		96C4461129414A9300DF35B2 /* Frameworks */ = {
			isa = PBXFrameworksBuildPhase;
			buildActionMask = 2147483647;
			files = (
			);
			runOnlyForDeploymentPostprocessing = 0;
		};
/* End PBXFrameworksBuildPhase section */

/* Begin PBXGroup section */
		1541C30129F1CFB4007E8852 /* Third Party Demand */ = {
			isa = PBXGroup;
			children = (
				1541C30929F1CFDE007E8852 /* ThirdPartyDemandViewController.swift */,
				1541C30B29F1D2D0007E8852 /* ThirdPartyDemandIntegrationType.swift */,
				1541C30D29F1D369007E8852 /* ThirdPartyDemandAdType.swift */,
				4DC70F792A00078E0037E424 /* APS */,
				4DC70F782A0007880037E424 /* FAN */,
				4DC70F772A0007800037E424 /* Unity */,
				1541C30229F1CFB4007E8852 /* Vungle */,
			);
			path = "Third Party Demand";
			sourceTree = "<group>";
		};
		1541C30229F1CFB4007E8852 /* Vungle */ = {
			isa = PBXGroup;
			children = (
				1541C30429F1CFB4007E8852 /* VungleViewController.swift */,
			);
			path = Vungle;
			sourceTree = "<group>";
		};
		4D0AA885279F3FA700CD2F7C /* Helpers */ = {
			isa = PBXGroup;
			children = (
				4D0AA886279F3FE100CD2F7C /* DemoRequestInterceptors.swift */,
			);
			path = Helpers;
			sourceTree = "<group>";
		};
		4D15A0D8274802CE00D4DBCB /* Ad */ = {
			isa = PBXGroup;
			children = (
				150B4B5728D3E6F7002F233D /* CustomAdContainerView.swift */,
				4D901D82273DC28500037C54 /* AdViewController.swift */,
			);
			path = Ad;
			sourceTree = "<group>";
		};
		4D5BAE78273C3584009B7F95 /* Main */ = {
			isa = PBXGroup;
			children = (
				2013D50E279087F500CB5DCF /* MainItem.swift */,
				4DADE259273993D600E7E766 /* MainViewController.swift */,
			);
			path = Main;
			sourceTree = "<group>";
		};
		4D5BAE79273C3614009B7F95 /* Settings */ = {
			isa = PBXGroup;
			children = (
				4D5BAE80273C6A16009B7F95 /* Setting.swift */,
				4D5BAE7C273C3CA8009B7F95 /* SettingsCell.swift */,
				2013D5102790886600CB5DCF /* SettingsSection.swift */,
				4D5BAE7A273C362B009B7F95 /* SettingsViewController.swift */,
			);
			path = Settings;
			sourceTree = "<group>";
		};
		4D5BAE82273C6C64009B7F95 /* Common */ = {
			isa = PBXGroup;
			children = (
				4D563C442746FD6300294A7B /* DemoItem.swift */,
				4DB9A147273AE95A0005D1D0 /* DemoCell.swift */,
				4D5BAE7E273C5E9F009B7F95 /* DemoHeader.swift */,
				4DB9A149273AF8040005D1D0 /* DemoNavigationController.swift */,
				4DB9A14B273AF81A0005D1D0 /* DemoViewController.swift */,
				4D8A3FAE274306F100201485 /* DemoDataSource.swift */,
			);
			path = Common;
			sourceTree = "<group>";
		};
		4D5BAE83273C6C81009B7F95 /* Extensions */ = {
			isa = PBXGroup;
			children = (
				4DADE25B2739BF9F00E7E766 /* UIColor+Extension.swift */,
				4DB9A14D273B19C20005D1D0 /* UILabel+Extension.swift */,
				4DB9A142273AE5240005D1D0 /* UIFont+Extension.swift */,
				4D901D7E273D982500037C54 /* String+Extension.swift */,
				4D8A3FA82742CA1100201485 /* NSObject+Extension.swift */,
				4D8A3FAA2742CAC700201485 /* UITableView+Extension.swift */,
				4D5C798E274C290E00033307 /* UIViewController+Extension.swift */,
				4D5C7990274C60BE00033307 /* UIImage+Extension.swift */,
				96BFE1E02A0965600030964D /* UIView+Extension.swift */,
			);
			path = Extensions;
			sourceTree = "<group>";
		};
		4D8A3FA52742C74B00201485 /* Mediation Platforms */ = {
			isa = PBXGroup;
			children = (
				4DE1FE4D27FF58C2002C41BC /* MediationAdType.swift */,
				4DE1FE4B27FF58C2002C41BC /* MediationIntegrationType.swift */,
				4DE1FE4C27FF58C2002C41BC /* MediationViewController.swift */,
				4DDD7A54274470760075FDAE /* GAM */,
			);
			path = "Mediation Platforms";
			sourceTree = "<group>";
		};
		4D8A3FB027430AAE00201485 /* Test Render */ = {
			isa = PBXGroup;
			children = (
				4D5C798A274C184000033307 /* TestRenderViewController.swift */,
				4D5C798C274C259A00033307 /* TestRenderAdViewController.swift */,
			);
			path = "Test Render";
			sourceTree = "<group>";
		};
		4D901D79273D931C00037C54 /* Ad Manager */ = {
			isa = PBXGroup;
			children = (
				4D563C402746FD3B00294A7B /* AdManagerAdType.swift */,
				4D901D7C273D936E00037C54 /* AdDemoViewController.swift */,
				4D901D80273DAFD400037C54 /* AdManagerViewController.swift */,
			);
			path = "Ad Manager";
			sourceTree = "<group>";
		};
		4D901D84273DC8B700037C54 /* Config */ = {
			isa = PBXGroup;
			children = (
				4D901D85273DC8CD00037C54 /* ConfigManager.swift */,
				4D901D88273DCC7100037C54 /* secrets.json */,
			);
			path = Config;
			sourceTree = "<group>";
		};
		4DADE23927396E0700E7E766 = {
			isa = PBXGroup;
			children = (
				4DB9A13D273AE46F0005D1D0 /* Resources */,
				4DADE24427396E0700E7E766 /* nimbus-ios-sample */,
				4DADE24327396E0700E7E766 /* Products */,
			);
			sourceTree = "<group>";
		};
		4DADE24327396E0700E7E766 /* Products */ = {
			isa = PBXGroup;
			children = (
				4DADE24227396E0700E7E766 /* nimbus-ios-sample.app */,
				96C4462729414A9300DF35B2 /* nimbus-ios-sample-pods.app */,
			);
			name = Products;
			sourceTree = "<group>";
		};
		4DADE24427396E0700E7E766 /* nimbus-ios-sample */ = {
			isa = PBXGroup;
			children = (
				4D0AA885279F3FA700CD2F7C /* Helpers */,
				4D901D79273D931C00037C54 /* Ad Manager */,
				4D901D84273DC8B700037C54 /* Config */,
				4D5BAE78273C3584009B7F95 /* Main */,
				4D15A0D8274802CE00D4DBCB /* Ad */,
				4D8A3FA52742C74B00201485 /* Mediation Platforms */,
				1541C30129F1CFB4007E8852 /* Third Party Demand */,
				4D8A3FB027430AAE00201485 /* Test Render */,
				4D5BAE79273C3614009B7F95 /* Settings */,
				4D5BAE83273C6C81009B7F95 /* Extensions */,
				4D5BAE82273C6C64009B7F95 /* Common */,
				4DADE24527396E0700E7E766 /* AppDelegate.swift */,
				4DADE24727396E0700E7E766 /* SceneDelegate.swift */,
				4DADE24E27396E0900E7E766 /* Assets.xcassets */,
				4DADE25327396E0900E7E766 /* Info.plist */,
			);
			path = "nimbus-ios-sample";
			sourceTree = "<group>";
		};
		4DB9A13D273AE46F0005D1D0 /* Resources */ = {
			isa = PBXGroup;
			children = (
				4DB9A141273AE4A90005D1D0 /* Fonts */,
			);
			path = Resources;
			sourceTree = "<group>";
		};
		4DB9A141273AE4A90005D1D0 /* Fonts */ = {
			isa = PBXGroup;
			children = (
				965B67582A21147E007FC135 /* ProximaNova-Bold.otf */,
				965B67592A21147E007FC135 /* ProximaNova-Regular.otf */,
				4DB9A13E273AE4A70005D1D0 /* ProximaNova-Semibold.otf */,
			);
			path = Fonts;
			sourceTree = "<group>";
		};
		4DC70F772A0007800037E424 /* Unity */ = {
			isa = PBXGroup;
			children = (
				4DEA6B122A016F8F003E6A20 /* UnityViewController.swift */,
			);
			path = Unity;
			sourceTree = "<group>";
		};
		4DC70F782A0007880037E424 /* FAN */ = {
			isa = PBXGroup;
			children = (
				4DC70F7A2A002CEF0037E424 /* FANViewController.swift */,
			);
			path = FAN;
			sourceTree = "<group>";
		};
		4DC70F792A00078E0037E424 /* APS */ = {
			isa = PBXGroup;
			children = (
				2052050629CD4D5E004D7024 /* APSAds.swift */,
				4DEA6B102A016F7F003E6A20 /* APSViewController.swift */,
			);
			path = APS;
			sourceTree = "<group>";
		};
		4DDD7A54274470760075FDAE /* GAM */ = {
			isa = PBXGroup;
			children = (
				4D84B1B72743FFF300CA9CE2 /* GAMViewController.swift */,
			);
			path = GAM;
			sourceTree = "<group>";
		};
/* End PBXGroup section */

/* Begin PBXNativeTarget section */
		4DADE24127396E0700E7E766 /* nimbus-ios-sample */ = {
			isa = PBXNativeTarget;
			buildConfigurationList = 4DADE25627396E0900E7E766 /* Build configuration list for PBXNativeTarget "nimbus-ios-sample" */;
			buildPhases = (
				4DADE23E27396E0700E7E766 /* Sources */,
				4DADE23F27396E0700E7E766 /* Frameworks */,
				4DADE24027396E0700E7E766 /* Resources */,
			);
			buildRules = (
			);
			dependencies = (
			);
			name = "nimbus-ios-sample";
			packageProductDependencies = (
				962B1C06299E917B001BF3B7 /* NimbusFANKit */,
				4D082DEF29CCA1100083DF6F /* GoogleMobileAds */,
				20BE3FBA29E47D8500E1A662 /* NimbusGAMKit */,
				20BE3FBC29E47D8500E1A662 /* NimbusKit */,
				20BE3FBE29E47D8500E1A662 /* NimbusLiveRampKit */,
				20BE3FC029E47D8500E1A662 /* NimbusRenderKit */,
				20BE3FC229E47D8500E1A662 /* NimbusRenderStaticKit */,
				20BE3FC429E47D8500E1A662 /* NimbusRenderVideoKit */,
				20BE3FC629E47D8500E1A662 /* NimbusRequestAPSKit */,
				20BE3FC829E47D8500E1A662 /* NimbusRequestKit */,
				20BE3FCA29E47D8500E1A662 /* NimbusUnityKit */,
				4DC70F752A0003B80037E424 /* NimbusVungleKit */,
			);
			productName = NimbusDemoApp;
			productReference = 4DADE24227396E0700E7E766 /* nimbus-ios-sample.app */;
			productType = "com.apple.product-type.application";
		};
		96C445DA29414A9300DF35B2 /* nimbus-ios-sample-pods */ = {
			isa = PBXNativeTarget;
			buildConfigurationList = 96C4462429414A9300DF35B2 /* Build configuration list for PBXNativeTarget "nimbus-ios-sample-pods" */;
			buildPhases = (
				96C445E729414A9300DF35B2 /* Sources */,
				96C4461129414A9300DF35B2 /* Frameworks */,
				96C4461D29414A9300DF35B2 /* Resources */,
			);
			buildRules = (
			);
			dependencies = (
			);
			name = "nimbus-ios-sample-pods";
			productName = NimbusDemoApp;
			productReference = 96C4462729414A9300DF35B2 /* nimbus-ios-sample-pods.app */;
			productType = "com.apple.product-type.application";
		};
/* End PBXNativeTarget section */

/* Begin PBXProject section */
		4DADE23A27396E0700E7E766 /* Project object */ = {
			isa = PBXProject;
			attributes = {
				BuildIndependentTargetsInParallel = 1;
				LastSwiftUpdateCheck = 1300;
				LastUpgradeCheck = 1300;
				TargetAttributes = {
					4DADE24127396E0700E7E766 = {
						CreatedOnToolsVersion = 13.0;
					};
				};
			};
			buildConfigurationList = 4DADE23D27396E0700E7E766 /* Build configuration list for PBXProject "nimbus-ios-sample" */;
			compatibilityVersion = "Xcode 13.0";
			developmentRegion = en;
			hasScannedForEncodings = 0;
			knownRegions = (
				en,
				Base,
			);
			mainGroup = 4DADE23927396E0700E7E766;
			packageReferences = (
				962B1C05299E917B001BF3B7 /* XCRemoteSwiftPackageReference "nimbus-ios-sdk" */,
				4D082DEE29CCA1100083DF6F /* XCRemoteSwiftPackageReference "swift-package-manager-google-mobile-ads" */,
			);
			productRefGroup = 4DADE24327396E0700E7E766 /* Products */;
			projectDirPath = "";
			projectRoot = "";
			targets = (
				4DADE24127396E0700E7E766 /* nimbus-ios-sample */,
				96C445DA29414A9300DF35B2 /* nimbus-ios-sample-pods */,
			);
		};
/* End PBXProject section */

/* Begin PBXResourcesBuildPhase section */
		4DADE24027396E0700E7E766 /* Resources */ = {
			isa = PBXResourcesBuildPhase;
			buildActionMask = 2147483647;
			files = (
				4DADE24F27396E0900E7E766 /* Assets.xcassets in Resources */,
				4DB9A146273AE8550005D1D0 /* ProximaNova-Semibold.otf in Resources */,
				4D901D8A273DCC7100037C54 /* secrets.json in Resources */,
				965B675A2A21147E007FC135 /* ProximaNova-Bold.otf in Resources */,
				965B675C2A21147E007FC135 /* ProximaNova-Regular.otf in Resources */,
			);
			runOnlyForDeploymentPostprocessing = 0;
		};
		96C4461D29414A9300DF35B2 /* Resources */ = {
			isa = PBXResourcesBuildPhase;
			buildActionMask = 2147483647;
			files = (
				965B675E2A2114F8007FC135 /* ProximaNova-Bold.otf in Resources */,
				965B675F2A2114F8007FC135 /* ProximaNova-Regular.otf in Resources */,
				965B67602A2114F8007FC135 /* ProximaNova-Semibold.otf in Resources */,
				96C4461F29414A9300DF35B2 /* Assets.xcassets in Resources */,
				96C4462329414A9300DF35B2 /* secrets.json in Resources */,
			);
			runOnlyForDeploymentPostprocessing = 0;
		};
/* End PBXResourcesBuildPhase section */

/* Begin PBXSourcesBuildPhase section */
		4DADE23E27396E0700E7E766 /* Sources */ = {
			isa = PBXSourcesBuildPhase;
			buildActionMask = 2147483647;
			files = (
				4D5C798F274C290E00033307 /* UIViewController+Extension.swift in Sources */,
				4DADE24627396E0700E7E766 /* AppDelegate.swift in Sources */,
				1541C30A29F1CFDE007E8852 /* ThirdPartyDemandViewController.swift in Sources */,
				4DADE24827396E0700E7E766 /* SceneDelegate.swift in Sources */,
				1541C30E29F1D369007E8852 /* ThirdPartyDemandAdType.swift in Sources */,
				20BE3FB429E47B6200E1A662 /* APSAds.swift in Sources */,
				4DEA6B112A016F7F003E6A20 /* APSViewController.swift in Sources */,
				4D5C798B274C184000033307 /* TestRenderViewController.swift in Sources */,
				4D8A3FAB2742CAC700201485 /* UITableView+Extension.swift in Sources */,
				4DADE25A273993D600E7E766 /* MainViewController.swift in Sources */,
				4DB9A148273AE95A0005D1D0 /* DemoCell.swift in Sources */,
				4D5BAE81273C6A16009B7F95 /* Setting.swift in Sources */,
				4D901D86273DC8CD00037C54 /* ConfigManager.swift in Sources */,
				4DB9A143273AE5240005D1D0 /* UIFont+Extension.swift in Sources */,
				4D901D83273DC28500037C54 /* AdViewController.swift in Sources */,
				4D5BAE7F273C5E9F009B7F95 /* DemoHeader.swift in Sources */,
				1541C30729F1CFB4007E8852 /* VungleViewController.swift in Sources */,
				4D5BAE7B273C362B009B7F95 /* SettingsViewController.swift in Sources */,
				4DB9A14A273AF8040005D1D0 /* DemoNavigationController.swift in Sources */,
				4D0AA887279F3FE100CD2F7C /* DemoRequestInterceptors.swift in Sources */,
				1541C30C29F1D2D0007E8852 /* ThirdPartyDemandIntegrationType.swift in Sources */,
				4D5C798D274C259A00033307 /* TestRenderAdViewController.swift in Sources */,
				96BFE1E12A0965600030964D /* UIView+Extension.swift in Sources */,
				2013D50F279087F500CB5DCF /* MainItem.swift in Sources */,
				4DC70F7B2A002CEF0037E424 /* FANViewController.swift in Sources */,
				4DEA6B132A016F8F003E6A20 /* UnityViewController.swift in Sources */,
				4D901D7D273D936E00037C54 /* AdDemoViewController.swift in Sources */,
				4D901D81273DAFD400037C54 /* AdManagerViewController.swift in Sources */,
				2013D5112790886600CB5DCF /* SettingsSection.swift in Sources */,
				4DE1FE5027FF58C2002C41BC /* MediationAdType.swift in Sources */,
				4DB9A14C273AF81A0005D1D0 /* DemoViewController.swift in Sources */,
				4DADE25C2739BF9F00E7E766 /* UIColor+Extension.swift in Sources */,
				4D8A3FA92742CA1100201485 /* NSObject+Extension.swift in Sources */,
				4DE1FE4F27FF58C2002C41BC /* MediationViewController.swift in Sources */,
				4DB9A14E273B19C20005D1D0 /* UILabel+Extension.swift in Sources */,
				4DE1FE4E27FF58C2002C41BC /* MediationIntegrationType.swift in Sources */,
				4D901D7F273D982500037C54 /* String+Extension.swift in Sources */,
				4D8A3FAF274306F100201485 /* DemoDataSource.swift in Sources */,
				4D5C7991274C60BE00033307 /* UIImage+Extension.swift in Sources */,
				4D563C412746FD3B00294A7B /* AdManagerAdType.swift in Sources */,
				150B4B5828D3E6F7002F233D /* CustomAdContainerView.swift in Sources */,
				4D84B1B82743FFF300CA9CE2 /* GAMViewController.swift in Sources */,
				4D563C452746FD6300294A7B /* DemoItem.swift in Sources */,
				4D5BAE7D273C3CA8009B7F95 /* SettingsCell.swift in Sources */,
			);
			runOnlyForDeploymentPostprocessing = 0;
		};
		96C445E729414A9300DF35B2 /* Sources */ = {
			isa = PBXSourcesBuildPhase;
			buildActionMask = 2147483647;
			files = (
				96C445E829414A9300DF35B2 /* UIViewController+Extension.swift in Sources */,
				96C445E929414A9300DF35B2 /* AppDelegate.swift in Sources */,
				96C445EB29414A9300DF35B2 /* SceneDelegate.swift in Sources */,
				96C445ED29414A9300DF35B2 /* TestRenderViewController.swift in Sources */,
				96C445EE29414A9300DF35B2 /* UITableView+Extension.swift in Sources */,
				96C445EF29414A9300DF35B2 /* MainViewController.swift in Sources */,
				96C445F129414A9300DF35B2 /* DemoCell.swift in Sources */,
				96C445F329414A9300DF35B2 /* ConfigManager.swift in Sources */,
				96C445F429414A9300DF35B2 /* UIFont+Extension.swift in Sources */,
				96C445F529414A9300DF35B2 /* AdViewController.swift in Sources */,
				4D07F6742A043B4500E2B094 /* UnityViewController.swift in Sources */,
				4D07F6752A043B4800E2B094 /* VungleViewController.swift in Sources */,
				96C445F629414A9300DF35B2 /* DemoHeader.swift in Sources */,
				96C445F829414A9300DF35B2 /* SettingsViewController.swift in Sources */,
				96C445F929414A9300DF35B2 /* DemoNavigationController.swift in Sources */,
				96C445FA29414A9300DF35B2 /* DemoRequestInterceptors.swift in Sources */,
				96C445FB29414A9300DF35B2 /* TestRenderAdViewController.swift in Sources */,
				96C445FC29414A9300DF35B2 /* MainItem.swift in Sources */,
				96C445FD29414A9300DF35B2 /* AdDemoViewController.swift in Sources */,
				4D07F6712A043B2E00E2B094 /* APSAds.swift in Sources */,
				96C445FE29414A9300DF35B2 /* AdManagerViewController.swift in Sources */,
				96C445FF29414A9300DF35B2 /* SettingsSection.swift in Sources */,
				96BFE1E22A0965600030964D /* UIView+Extension.swift in Sources */,
				96C4460129414A9300DF35B2 /* MediationAdType.swift in Sources */,
				4D07F6722A043B3100E2B094 /* APSViewController.swift in Sources */,
				96C4460229414A9300DF35B2 /* DemoViewController.swift in Sources */,
				4D07F66F2A043B2800E2B094 /* ThirdPartyDemandIntegrationType.swift in Sources */,
				96C4460329414A9300DF35B2 /* UIColor+Extension.swift in Sources */,
				96C4460429414A9300DF35B2 /* NSObject+Extension.swift in Sources */,
				96C4460529414A9300DF35B2 /* MediationViewController.swift in Sources */,
				96C4460629414A9300DF35B2 /* UILabel+Extension.swift in Sources */,
				4D07F6732A043B3400E2B094 /* FANViewController.swift in Sources */,
				4D07F6672A041F7000E2B094 /* Setting.swift in Sources */,
				96C4460729414A9300DF35B2 /* MediationIntegrationType.swift in Sources */,
				96C4460829414A9300DF35B2 /* String+Extension.swift in Sources */,
				96C4460929414A9300DF35B2 /* DemoDataSource.swift in Sources */,
				96C4460A29414A9300DF35B2 /* UIImage+Extension.swift in Sources */,
				96C4460C29414A9300DF35B2 /* AdManagerAdType.swift in Sources */,
				96C4460D29414A9300DF35B2 /* CustomAdContainerView.swift in Sources */,
				96C4460E29414A9300DF35B2 /* GAMViewController.swift in Sources */,
				4D07F6702A043B2B00E2B094 /* ThirdPartyDemandAdType.swift in Sources */,
				96C4460F29414A9300DF35B2 /* DemoItem.swift in Sources */,
				4D07F66E2A043B2500E2B094 /* ThirdPartyDemandViewController.swift in Sources */,
				96C4461029414A9300DF35B2 /* SettingsCell.swift in Sources */,
			);
			runOnlyForDeploymentPostprocessing = 0;
		};
/* End PBXSourcesBuildPhase section */

/* Begin XCBuildConfiguration section */
		4DADE25427396E0900E7E766 /* Debug */ = {
			isa = XCBuildConfiguration;
			buildSettings = {
				ALWAYS_SEARCH_USER_PATHS = NO;
				CLANG_ANALYZER_NONNULL = YES;
				CLANG_ANALYZER_NUMBER_OBJECT_CONVERSION = YES_AGGRESSIVE;
				CLANG_CXX_LANGUAGE_STANDARD = "gnu++17";
				CLANG_CXX_LIBRARY = "libc++";
				CLANG_ENABLE_MODULES = YES;
				CLANG_ENABLE_OBJC_ARC = YES;
				CLANG_ENABLE_OBJC_WEAK = YES;
				CLANG_WARN_BLOCK_CAPTURE_AUTORELEASING = YES;
				CLANG_WARN_BOOL_CONVERSION = YES;
				CLANG_WARN_COMMA = YES;
				CLANG_WARN_CONSTANT_CONVERSION = YES;
				CLANG_WARN_DEPRECATED_OBJC_IMPLEMENTATIONS = YES;
				CLANG_WARN_DIRECT_OBJC_ISA_USAGE = YES_ERROR;
				CLANG_WARN_DOCUMENTATION_COMMENTS = YES;
				CLANG_WARN_EMPTY_BODY = YES;
				CLANG_WARN_ENUM_CONVERSION = YES;
				CLANG_WARN_INFINITE_RECURSION = YES;
				CLANG_WARN_INT_CONVERSION = YES;
				CLANG_WARN_NON_LITERAL_NULL_CONVERSION = YES;
				CLANG_WARN_OBJC_IMPLICIT_RETAIN_SELF = YES;
				CLANG_WARN_OBJC_LITERAL_CONVERSION = YES;
				CLANG_WARN_OBJC_ROOT_CLASS = YES_ERROR;
				CLANG_WARN_QUOTED_INCLUDE_IN_FRAMEWORK_HEADER = YES;
				CLANG_WARN_RANGE_LOOP_ANALYSIS = YES;
				CLANG_WARN_STRICT_PROTOTYPES = YES;
				CLANG_WARN_SUSPICIOUS_MOVE = YES;
				CLANG_WARN_UNGUARDED_AVAILABILITY = YES_AGGRESSIVE;
				CLANG_WARN_UNREACHABLE_CODE = YES;
				CLANG_WARN__DUPLICATE_METHOD_MATCH = YES;
				COPY_PHASE_STRIP = NO;
				DEBUG_INFORMATION_FORMAT = dwarf;
				ENABLE_STRICT_OBJC_MSGSEND = YES;
				ENABLE_TESTABILITY = YES;
				GCC_C_LANGUAGE_STANDARD = gnu11;
				GCC_DYNAMIC_NO_PIC = NO;
				GCC_NO_COMMON_BLOCKS = YES;
				GCC_OPTIMIZATION_LEVEL = 0;
				GCC_PREPROCESSOR_DEFINITIONS = (
					"DEBUG=1",
					"$(inherited)",
				);
				GCC_WARN_64_TO_32_BIT_CONVERSION = YES;
				GCC_WARN_ABOUT_RETURN_TYPE = YES_ERROR;
				GCC_WARN_UNDECLARED_SELECTOR = YES;
				GCC_WARN_UNINITIALIZED_AUTOS = YES_AGGRESSIVE;
				GCC_WARN_UNUSED_FUNCTION = YES;
				GCC_WARN_UNUSED_VARIABLE = YES;
				INFOPLIST_KEY_UILaunchScreen_Generation = YES;
				IPHONEOS_DEPLOYMENT_TARGET = 15.0;
				MTL_ENABLE_DEBUG_INFO = INCLUDE_SOURCE;
				MTL_FAST_MATH = YES;
				ONLY_ACTIVE_ARCH = YES;
				SDKROOT = iphoneos;
				SWIFT_ACTIVE_COMPILATION_CONDITIONS = DEBUG;
				SWIFT_OPTIMIZATION_LEVEL = "-Onone";
			};
			name = Debug;
		};
		4DADE25527396E0900E7E766 /* Release */ = {
			isa = XCBuildConfiguration;
			buildSettings = {
				ALWAYS_SEARCH_USER_PATHS = NO;
				CLANG_ANALYZER_NONNULL = YES;
				CLANG_ANALYZER_NUMBER_OBJECT_CONVERSION = YES_AGGRESSIVE;
				CLANG_CXX_LANGUAGE_STANDARD = "gnu++17";
				CLANG_CXX_LIBRARY = "libc++";
				CLANG_ENABLE_MODULES = YES;
				CLANG_ENABLE_OBJC_ARC = YES;
				CLANG_ENABLE_OBJC_WEAK = YES;
				CLANG_WARN_BLOCK_CAPTURE_AUTORELEASING = YES;
				CLANG_WARN_BOOL_CONVERSION = YES;
				CLANG_WARN_COMMA = YES;
				CLANG_WARN_CONSTANT_CONVERSION = YES;
				CLANG_WARN_DEPRECATED_OBJC_IMPLEMENTATIONS = YES;
				CLANG_WARN_DIRECT_OBJC_ISA_USAGE = YES_ERROR;
				CLANG_WARN_DOCUMENTATION_COMMENTS = YES;
				CLANG_WARN_EMPTY_BODY = YES;
				CLANG_WARN_ENUM_CONVERSION = YES;
				CLANG_WARN_INFINITE_RECURSION = YES;
				CLANG_WARN_INT_CONVERSION = YES;
				CLANG_WARN_NON_LITERAL_NULL_CONVERSION = YES;
				CLANG_WARN_OBJC_IMPLICIT_RETAIN_SELF = YES;
				CLANG_WARN_OBJC_LITERAL_CONVERSION = YES;
				CLANG_WARN_OBJC_ROOT_CLASS = YES_ERROR;
				CLANG_WARN_QUOTED_INCLUDE_IN_FRAMEWORK_HEADER = YES;
				CLANG_WARN_RANGE_LOOP_ANALYSIS = YES;
				CLANG_WARN_STRICT_PROTOTYPES = YES;
				CLANG_WARN_SUSPICIOUS_MOVE = YES;
				CLANG_WARN_UNGUARDED_AVAILABILITY = YES_AGGRESSIVE;
				CLANG_WARN_UNREACHABLE_CODE = YES;
				CLANG_WARN__DUPLICATE_METHOD_MATCH = YES;
				COPY_PHASE_STRIP = NO;
				DEBUG_INFORMATION_FORMAT = "dwarf-with-dsym";
				ENABLE_NS_ASSERTIONS = NO;
				ENABLE_STRICT_OBJC_MSGSEND = YES;
				GCC_C_LANGUAGE_STANDARD = gnu11;
				GCC_NO_COMMON_BLOCKS = YES;
				GCC_WARN_64_TO_32_BIT_CONVERSION = YES;
				GCC_WARN_ABOUT_RETURN_TYPE = YES_ERROR;
				GCC_WARN_UNDECLARED_SELECTOR = YES;
				GCC_WARN_UNINITIALIZED_AUTOS = YES_AGGRESSIVE;
				GCC_WARN_UNUSED_FUNCTION = YES;
				GCC_WARN_UNUSED_VARIABLE = YES;
				INFOPLIST_KEY_UILaunchScreen_Generation = YES;
				IPHONEOS_DEPLOYMENT_TARGET = 15.0;
				MTL_ENABLE_DEBUG_INFO = NO;
				MTL_FAST_MATH = YES;
				SDKROOT = iphoneos;
				SWIFT_COMPILATION_MODE = wholemodule;
				SWIFT_OPTIMIZATION_LEVEL = "-O";
				VALIDATE_PRODUCT = YES;
			};
			name = Release;
		};
		4DADE25727396E0900E7E766 /* Debug */ = {
			isa = XCBuildConfiguration;
			buildSettings = {
				ASSETCATALOG_COMPILER_APPICON_NAME = AppIcon;
				ASSETCATALOG_COMPILER_GLOBAL_ACCENT_COLOR_NAME = AccentColor;
				CODE_SIGN_STYLE = Automatic;
				CURRENT_PROJECT_VERSION = 79;
				DEVELOPMENT_TEAM = SYMQPHZ6U8;
				ENABLE_BITCODE = NO;
				GENERATE_INFOPLIST_FILE = YES;
				INFOPLIST_FILE = "nimbus-ios-sample/Info.plist";
				INFOPLIST_KEY_CFBundleDisplayName = "Nimbus Sample";
				INFOPLIST_KEY_NSUserTrackingUsageDescription = "This is required for FB and LiveRamp test ads to work";
				INFOPLIST_KEY_UIApplicationSupportsIndirectInputEvents = YES;
				INFOPLIST_KEY_UISupportedInterfaceOrientations = UIInterfaceOrientationPortrait;
				INFOPLIST_KEY_UISupportedInterfaceOrientations_iPad = "UIInterfaceOrientationPortrait UIInterfaceOrientationPortraitUpsideDown UIInterfaceOrientationLandscapeLeft UIInterfaceOrientationLandscapeRight";
				INFOPLIST_KEY_UISupportedInterfaceOrientations_iPhone = "UIInterfaceOrientationPortrait UIInterfaceOrientationLandscapeLeft UIInterfaceOrientationLandscapeRight";
				LD_RUNPATH_SEARCH_PATHS = (
					"$(inherited)",
					"@executable_path/Frameworks",
				);
				MARKETING_VERSION = 1.0;
				OTHER_LDFLAGS = "-ObjC";
				PRODUCT_BUNDLE_IDENTIFIER = com.adsbynimbus.ios.NimbusDemo;
				PRODUCT_NAME = "$(TARGET_NAME)";
				SWIFT_EMIT_LOC_STRINGS = YES;
				SWIFT_VERSION = 5.0;
				TARGETED_DEVICE_FAMILY = "1,2";
			};
			name = Debug;
		};
		4DADE25827396E0900E7E766 /* Release */ = {
			isa = XCBuildConfiguration;
			buildSettings = {
				ASSETCATALOG_COMPILER_APPICON_NAME = AppIcon;
				ASSETCATALOG_COMPILER_GLOBAL_ACCENT_COLOR_NAME = AccentColor;
				CODE_SIGN_IDENTITY = "Apple Development";
				CODE_SIGN_STYLE = Automatic;
				CURRENT_PROJECT_VERSION = 79;
				DEVELOPMENT_TEAM = SYMQPHZ6U8;
				ENABLE_BITCODE = NO;
				GENERATE_INFOPLIST_FILE = YES;
				INFOPLIST_FILE = "nimbus-ios-sample/Info.plist";
				INFOPLIST_KEY_CFBundleDisplayName = "Nimbus Sample";
				INFOPLIST_KEY_NSUserTrackingUsageDescription = "This is required for FB and LiveRamp test ads to work";
				INFOPLIST_KEY_UIApplicationSupportsIndirectInputEvents = YES;
				INFOPLIST_KEY_UISupportedInterfaceOrientations = UIInterfaceOrientationPortrait;
				INFOPLIST_KEY_UISupportedInterfaceOrientations_iPad = "UIInterfaceOrientationPortrait UIInterfaceOrientationPortraitUpsideDown UIInterfaceOrientationLandscapeLeft UIInterfaceOrientationLandscapeRight";
				INFOPLIST_KEY_UISupportedInterfaceOrientations_iPhone = "UIInterfaceOrientationPortrait UIInterfaceOrientationLandscapeLeft UIInterfaceOrientationLandscapeRight";
				LD_RUNPATH_SEARCH_PATHS = (
					"$(inherited)",
					"@executable_path/Frameworks",
				);
				MARKETING_VERSION = 1.0;
				OTHER_LDFLAGS = "-ObjC";
				PRODUCT_BUNDLE_IDENTIFIER = com.adsbynimbus.ios.NimbusDemo;
				PRODUCT_NAME = "$(TARGET_NAME)";
				PROVISIONING_PROFILE_SPECIFIER = "";
				SWIFT_EMIT_LOC_STRINGS = YES;
				SWIFT_VERSION = 5.0;
				TARGETED_DEVICE_FAMILY = "1,2";
			};
			name = Release;
		};
		96C4462529414A9300DF35B2 /* Debug */ = {
			isa = XCBuildConfiguration;
			buildSettings = {
				ASSETCATALOG_COMPILER_APPICON_NAME = AppIcon;
				ASSETCATALOG_COMPILER_GLOBAL_ACCENT_COLOR_NAME = AccentColor;
				CODE_SIGN_STYLE = Automatic;
				CURRENT_PROJECT_VERSION = 79;
				DEVELOPMENT_TEAM = SYMQPHZ6U8;
				ENABLE_BITCODE = NO;
				GENERATE_INFOPLIST_FILE = YES;
				INFOPLIST_FILE = "nimbus-ios-sample/Info.plist";
				INFOPLIST_KEY_CFBundleDisplayName = "Nimbus Sample";
				INFOPLIST_KEY_NSUserTrackingUsageDescription = "This is required for FB and LiveRamp test ads to work";
				INFOPLIST_KEY_UIApplicationSupportsIndirectInputEvents = YES;
				INFOPLIST_KEY_UIStatusBarStyle = UIStatusBarStyleLightContent;
				INFOPLIST_KEY_UISupportedInterfaceOrientations = UIInterfaceOrientationPortrait;
				INFOPLIST_KEY_UISupportedInterfaceOrientations_iPad = "UIInterfaceOrientationPortrait UIInterfaceOrientationPortraitUpsideDown UIInterfaceOrientationLandscapeLeft UIInterfaceOrientationLandscapeRight";
				INFOPLIST_KEY_UISupportedInterfaceOrientations_iPhone = "UIInterfaceOrientationPortrait UIInterfaceOrientationLandscapeLeft UIInterfaceOrientationLandscapeRight";
				LD_RUNPATH_SEARCH_PATHS = (
					"$(inherited)",
					"@executable_path/Frameworks",
				);
				MARKETING_VERSION = 1.0;
				PRODUCT_BUNDLE_IDENTIFIER = com.adsbynimbus.ios.NimbusDemo;
				PRODUCT_NAME = "$(TARGET_NAME)";
				SWIFT_EMIT_LOC_STRINGS = YES;
				SWIFT_VERSION = 5.0;
				TARGETED_DEVICE_FAMILY = "1,2";
			};
			name = Debug;
		};
		96C4462629414A9300DF35B2 /* Release */ = {
			isa = XCBuildConfiguration;
			buildSettings = {
				ASSETCATALOG_COMPILER_APPICON_NAME = AppIcon;
				ASSETCATALOG_COMPILER_GLOBAL_ACCENT_COLOR_NAME = AccentColor;
				CODE_SIGN_IDENTITY = "Apple Development";
				CODE_SIGN_STYLE = Automatic;
				CURRENT_PROJECT_VERSION = 79;
				DEVELOPMENT_TEAM = SYMQPHZ6U8;
				ENABLE_BITCODE = NO;
				GENERATE_INFOPLIST_FILE = YES;
				INFOPLIST_FILE = "nimbus-ios-sample/Info.plist";
				INFOPLIST_KEY_CFBundleDisplayName = "Nimbus Sample";
				INFOPLIST_KEY_NSUserTrackingUsageDescription = "This is required for FB and LiveRamp test ads to work";
				INFOPLIST_KEY_UIApplicationSupportsIndirectInputEvents = YES;
				INFOPLIST_KEY_UIStatusBarStyle = UIStatusBarStyleLightContent;
				INFOPLIST_KEY_UISupportedInterfaceOrientations = UIInterfaceOrientationPortrait;
				INFOPLIST_KEY_UISupportedInterfaceOrientations_iPad = "UIInterfaceOrientationPortrait UIInterfaceOrientationPortraitUpsideDown UIInterfaceOrientationLandscapeLeft UIInterfaceOrientationLandscapeRight";
				INFOPLIST_KEY_UISupportedInterfaceOrientations_iPhone = "UIInterfaceOrientationPortrait UIInterfaceOrientationLandscapeLeft UIInterfaceOrientationLandscapeRight";
				LD_RUNPATH_SEARCH_PATHS = (
					"$(inherited)",
					"@executable_path/Frameworks",
				);
				MARKETING_VERSION = 1.0;
				PRODUCT_BUNDLE_IDENTIFIER = com.adsbynimbus.ios.NimbusDemo;
				PRODUCT_NAME = "$(TARGET_NAME)";
				PROVISIONING_PROFILE_SPECIFIER = "";
				SWIFT_EMIT_LOC_STRINGS = YES;
				SWIFT_VERSION = 5.0;
				TARGETED_DEVICE_FAMILY = "1,2";
			};
			name = Release;
		};
/* End XCBuildConfiguration section */

/* Begin XCConfigurationList section */
		4DADE23D27396E0700E7E766 /* Build configuration list for PBXProject "nimbus-ios-sample" */ = {
			isa = XCConfigurationList;
			buildConfigurations = (
				4DADE25427396E0900E7E766 /* Debug */,
				4DADE25527396E0900E7E766 /* Release */,
			);
			defaultConfigurationIsVisible = 0;
			defaultConfigurationName = Release;
		};
		4DADE25627396E0900E7E766 /* Build configuration list for PBXNativeTarget "nimbus-ios-sample" */ = {
			isa = XCConfigurationList;
			buildConfigurations = (
				4DADE25727396E0900E7E766 /* Debug */,
				4DADE25827396E0900E7E766 /* Release */,
			);
			defaultConfigurationIsVisible = 0;
			defaultConfigurationName = Release;
		};
		96C4462429414A9300DF35B2 /* Build configuration list for PBXNativeTarget "nimbus-ios-sample-pods" */ = {
			isa = XCConfigurationList;
			buildConfigurations = (
				96C4462529414A9300DF35B2 /* Debug */,
				96C4462629414A9300DF35B2 /* Release */,
			);
			defaultConfigurationIsVisible = 0;
			defaultConfigurationName = Release;
		};
/* End XCConfigurationList section */

/* Begin XCRemoteSwiftPackageReference section */
		4D082DEE29CCA1100083DF6F /* XCRemoteSwiftPackageReference "swift-package-manager-google-mobile-ads" */ = {
			isa = XCRemoteSwiftPackageReference;
			repositoryURL = "https://github.com/googleads/swift-package-manager-google-mobile-ads.git";
			requirement = {
				kind = upToNextMajorVersion;
				minimumVersion = 10.0.0;
			};
		};
		962B1C05299E917B001BF3B7 /* XCRemoteSwiftPackageReference "nimbus-ios-sdk" */ = {
			isa = XCRemoteSwiftPackageReference;
			repositoryURL = "https://github.com/timehop/nimbus-ios-sdk";
			requirement = {
				kind = exactVersion;
				version = 2.8.1;
			};
		};
/* End XCRemoteSwiftPackageReference section */

/* Begin XCSwiftPackageProductDependency section */
		20BE3FBA29E47D8500E1A662 /* NimbusGAMKit */ = {
			isa = XCSwiftPackageProductDependency;
			package = 962B1C05299E917B001BF3B7 /* XCRemoteSwiftPackageReference "nimbus-ios-sdk" */;
			productName = NimbusGAMKit;
		};
		20BE3FBC29E47D8500E1A662 /* NimbusKit */ = {
			isa = XCSwiftPackageProductDependency;
			package = 962B1C05299E917B001BF3B7 /* XCRemoteSwiftPackageReference "nimbus-ios-sdk" */;
			productName = NimbusKit;
		};
		20BE3FBE29E47D8500E1A662 /* NimbusLiveRampKit */ = {
			isa = XCSwiftPackageProductDependency;
			package = 962B1C05299E917B001BF3B7 /* XCRemoteSwiftPackageReference "nimbus-ios-sdk" */;
			productName = NimbusLiveRampKit;
		};
		20BE3FC029E47D8500E1A662 /* NimbusRenderKit */ = {
			isa = XCSwiftPackageProductDependency;
			package = 962B1C05299E917B001BF3B7 /* XCRemoteSwiftPackageReference "nimbus-ios-sdk" */;
			productName = NimbusRenderKit;
		};
		20BE3FC229E47D8500E1A662 /* NimbusRenderStaticKit */ = {
			isa = XCSwiftPackageProductDependency;
			package = 962B1C05299E917B001BF3B7 /* XCRemoteSwiftPackageReference "nimbus-ios-sdk" */;
			productName = NimbusRenderStaticKit;
		};
		20BE3FC429E47D8500E1A662 /* NimbusRenderVideoKit */ = {
			isa = XCSwiftPackageProductDependency;
			package = 962B1C05299E917B001BF3B7 /* XCRemoteSwiftPackageReference "nimbus-ios-sdk" */;
			productName = NimbusRenderVideoKit;
		};
		20BE3FC629E47D8500E1A662 /* NimbusRequestAPSKit */ = {
			isa = XCSwiftPackageProductDependency;
			package = 962B1C05299E917B001BF3B7 /* XCRemoteSwiftPackageReference "nimbus-ios-sdk" */;
			productName = NimbusRequestAPSKit;
		};
		20BE3FC829E47D8500E1A662 /* NimbusRequestKit */ = {
			isa = XCSwiftPackageProductDependency;
			package = 962B1C05299E917B001BF3B7 /* XCRemoteSwiftPackageReference "nimbus-ios-sdk" */;
			productName = NimbusRequestKit;
		};
		20BE3FCA29E47D8500E1A662 /* NimbusUnityKit */ = {
			isa = XCSwiftPackageProductDependency;
			package = 962B1C05299E917B001BF3B7 /* XCRemoteSwiftPackageReference "nimbus-ios-sdk" */;
			productName = NimbusUnityKit;
		};
		4D082DEF29CCA1100083DF6F /* GoogleMobileAds */ = {
			isa = XCSwiftPackageProductDependency;
			package = 4D082DEE29CCA1100083DF6F /* XCRemoteSwiftPackageReference "swift-package-manager-google-mobile-ads" */;
			productName = GoogleMobileAds;
		};
		4DC70F752A0003B80037E424 /* NimbusVungleKit */ = {
			isa = XCSwiftPackageProductDependency;
			package = 962B1C05299E917B001BF3B7 /* XCRemoteSwiftPackageReference "nimbus-ios-sdk" */;
			productName = NimbusVungleKit;
		};
		962B1C06299E917B001BF3B7 /* NimbusFANKit */ = {
			isa = XCSwiftPackageProductDependency;
			productName = NimbusFANKit;
		};
/* End XCSwiftPackageProductDependency section */
	};
	rootObject = 4DADE23A27396E0700E7E766 /* Project object */;
}
